// !$*UTF8*$!
{
	archiveVersion = 1;
	classes = {
	};
	objectVersion = 56;
	objects = {

/* Begin PBXBuildFile section */
		100000000000000000000001 /* NamaApp.swift in Sources */ = {isa = PBXBuildFile; fileRef = 200000000000000000000001 /* NamaApp.swift */; };
		100000000000000000000002 /* EndpointTests.swift in Sources */ = {isa = PBXBuildFile; fileRef = 200000000000000000000002 /* EndpointTests.swift */; };
		100000000000000000000003 /* NamaAPI in Frameworks */ = {isa = PBXBuildFile; productRef = 900000000000000000000002 /* NamaAPI */; };
		100000000000000000000004 /* Endpoint.swift in Sources */ = {isa = PBXBuildFile; fileRef = 200000000000000000000005 /* Endpoint.swift */; };
		100000000000000000000005 /* ConnectionFeatureTests.swift in Sources */ = {isa = PBXBuildFile; fileRef = 200000000000000000000006 /* ConnectionFeatureTests.swift */; };
		100000000000000000000006 /* ConnectionFeature.swift in Sources */ = {isa = PBXBuildFile; fileRef = 200000000000000000000007 /* ConnectionFeature.swift */; };
		100000000000000000000007 /* SetupStatusVerifierTests.swift in Sources */ = {isa = PBXBuildFile; fileRef = 200000000000000000000008 /* SetupStatusVerifierTests.swift */; };
		100000000000000000000008 /* SetupStatusVerifier.swift in Sources */ = {isa = PBXBuildFile; fileRef = 200000000000000000000009 /* SetupStatusVerifier.swift */; };
		100000000000000000000009 /* ConnectionPresentationTests.swift in Sources */ = {isa = PBXBuildFile; fileRef = 200000000000000000000010 /* ConnectionPresentationTests.swift */; };
		100000000000000000000010 /* ConnectionPresentation.swift in Sources */ = {isa = PBXBuildFile; fileRef = 200000000000000000000011 /* ConnectionPresentation.swift */; };
		100000000000000000000011 /* ConnectionView.swift in Sources */ = {isa = PBXBuildFile; fileRef = 200000000000000000000012 /* ConnectionView.swift */; };
		100000000000000000000012 /* TVConnectionView.swift in Sources */ = {isa = PBXBuildFile; fileRef = 200000000000000000000013 /* TVConnectionView.swift */; };
		100000000000000000000013 /* Localizable.xcstrings in Resources */ = {isa = PBXBuildFile; fileRef = 200000000000000000000014 /* Localizable.xcstrings */; };
		100000000000000000000014 /* TestSupport.swift in Sources */ = {isa = PBXBuildFile; fileRef = 200000000000000000000016 /* TestSupport.swift */; };
		100000000000000000000015 /* DiscoveryTests.swift in Sources */ = {isa = PBXBuildFile; fileRef = 200000000000000000000017 /* DiscoveryTests.swift */; };
		100000000000000000000016 /* ConnectionDiscoveryTests.swift in Sources */ = {isa = PBXBuildFile; fileRef = 200000000000000000000018 /* ConnectionDiscoveryTests.swift */; };
		100000000000000000000017 /* Discovery.swift in Sources */ = {isa = PBXBuildFile; fileRef = 200000000000000000000019 /* Discovery.swift */; };
		100000000000000000000018 /* DiscoveryView.swift in Sources */ = {isa = PBXBuildFile; fileRef = 200000000000000000000021 /* DiscoveryView.swift */; };
		100000000000000000000019 /* InfoPlist.xcstrings in Resources */ = {isa = PBXBuildFile; fileRef = 200000000000000000000022 /* InfoPlist.xcstrings */; };
		100000000000000000000020 /* VerifiedEndpointStoreTests.swift in Sources */ = {isa = PBXBuildFile; fileRef = 200000000000000000000023 /* VerifiedEndpointStoreTests.swift */; };
		100000000000000000000021 /* VerifiedEndpointStore.swift in Sources */ = {isa = PBXBuildFile; fileRef = 200000000000000000000024 /* VerifiedEndpointStore.swift */; };
		100000000000000000000022 /* ConnectionRecoveryTests.swift in Sources */ = {isa = PBXBuildFile; fileRef = 200000000000000000000025 /* ConnectionRecoveryTests.swift */; };
		100000000000000000000023 /* ConnectionDiscoverySession.swift in Sources */ = {isa = PBXBuildFile; fileRef = 200000000000000000000026 /* ConnectionDiscoverySession.swift */; };
		100000000000000000000024 /* ConnectionFeatureFlow.swift in Sources */ = {isa = PBXBuildFile; fileRef = 200000000000000000000027 /* ConnectionFeatureFlow.swift */; };
		100000000000000000000025 /* ConnectionState.swift in Sources */ = {isa = PBXBuildFile; fileRef = 200000000000000000000028 /* ConnectionState.swift */; };
		100000000000000000000026 /* ConnectionVerification.swift in Sources */ = {isa = PBXBuildFile; fileRef = 200000000000000000000029 /* ConnectionVerification.swift */; };
		100000000000000000000027 /* Nama.icon in Resources */ = {isa = PBXBuildFile; fileRef = 200000000000000000000030 /* Nama.icon */; };
		100000000000000000000028 /* OAuthAuthorizationFeatureTests.swift in Sources */ = {isa = PBXBuildFile; fileRef = 200000000000000000000031 /* OAuthAuthorizationFeatureTests.swift */; };
		100000000000000000000029 /* OAuthAuthorizationModels.swift in Sources */ = {isa = PBXBuildFile; fileRef = 200000000000000000000032 /* OAuthAuthorizationModels.swift */; };
		100000000000000000000030 /* OAuthAuthorizationFeature.swift in Sources */ = {isa = PBXBuildFile; fileRef = 200000000000000000000033 /* OAuthAuthorizationFeature.swift */; };
		100000000000000000000031 /* OAuthAuthorizationHTTPClient.swift in Sources */ = {isa = PBXBuildFile; fileRef = 200000000000000000000034 /* OAuthAuthorizationHTTPClient.swift */; };
		100000000000000000000032 /* OAuthTokenStore.swift in Sources */ = {isa = PBXBuildFile; fileRef = 200000000000000000000035 /* OAuthTokenStore.swift */; };
		100000000000000000000033 /* OAuthAuthorizationView.swift in Sources */ = {isa = PBXBuildFile; fileRef = 200000000000000000000036 /* OAuthAuthorizationView.swift */; };
		100000000000000000000034 /* NamaLibraryClient.swift in Sources */ = {isa = PBXBuildFile; fileRef = 200000000000000000000037 /* NamaLibraryClient.swift */; };
		100000000000000000000035 /* OAuthAuthorizationLifecycleTests.swift in Sources */ = {isa = PBXBuildFile; fileRef = 200000000000000000000038 /* OAuthAuthorizationLifecycleTests.swift */; };
		100000000000000000000036 /* OAuthAuthorizationTransportTests.swift in Sources */ = {isa = PBXBuildFile; fileRef = 200000000000000000000039 /* OAuthAuthorizationTransportTests.swift */; };
		100000000000000000000037 /* OAuthTokenStoreTests.swift in Sources */ = {isa = PBXBuildFile; fileRef = 200000000000000000000040 /* OAuthTokenStoreTests.swift */; };
		100000000000000000000038 /* OAuthAuthorizationTestSupport.swift in Sources */ = {isa = PBXBuildFile; fileRef = 200000000000000000000041 /* OAuthAuthorizationTestSupport.swift */; };
		100000000000000000000039 /* OAuthAuthorizationFeatureCommit.swift in Sources */ = {isa = PBXBuildFile; fileRef = 200000000000000000000042 /* OAuthAuthorizationFeatureCommit.swift */; };
		100000000000000000000040 /* OAuthAuthorizationFeatureFlow.swift in Sources */ = {isa = PBXBuildFile; fileRef = 200000000000000000000043 /* OAuthAuthorizationFeatureFlow.swift */; };
		100000000000000000000041 /* NamaPlayerTests.swift in Sources */ = {isa = PBXBuildFile; fileRef = 200000000000000000000044 /* NamaPlayerTests.swift */; };
		100000000000000000000042 /* PlaybackFixtureServer.swift in Sources */ = {isa = PBXBuildFile; fileRef = 200000000000000000000045 /* PlaybackFixtureServer.swift */; };
		100000000000000000000043 /* sdr-master.m3u8 in Resources */ = {isa = PBXBuildFile; fileRef = 200000000000000000000046 /* sdr-master.m3u8 */; };
		100000000000000000000044 /* sdr-segment.ts in Resources */ = {isa = PBXBuildFile; fileRef = 200000000000000000000047 /* sdr-segment.ts */; };
		100000000000000000000045 /* subtitle.srt in Resources */ = {isa = PBXBuildFile; fileRef = 200000000000000000000048 /* subtitle.srt */; };
		100000000000000000000046 /* AetherEngine in Frameworks */ = {isa = PBXBuildFile; productRef = 900000000000000000000004 /* AetherEngine */; };
		100000000000000000000047 /* PlaybackModels.swift in Sources */ = {isa = PBXBuildFile; fileRef = 200000000000000000000049 /* PlaybackModels.swift */; };
		100000000000000000000048 /* NamaPlayer.swift in Sources */ = {isa = PBXBuildFile; fileRef = 200000000000000000000050 /* NamaPlayer.swift */; };
		100000000000000000000049 /* NamaPlayerSurface.swift in Sources */ = {isa = PBXBuildFile; fileRef = 200000000000000000000051 /* NamaPlayerSurface.swift */; };
		100000000000000000000050 /* track-controls.mkv in Resources */ = {isa = PBXBuildFile; fileRef = 200000000000000000000052 /* track-controls.mkv */; };
		100000000000000000000051 /* Licenses in Resources */ = {isa = PBXBuildFile; fileRef = 200000000000000000000053 /* Licenses */; };
		100000000000000000000052 /* NamaPlayer+EngineMapping.swift in Sources */ = {isa = PBXBuildFile; fileRef = 200000000000000000000054 /* NamaPlayer+EngineMapping.swift */; };
		100000000000000000000053 /* NamaPlaybackHTTPBridge.swift in Sources */ = {isa = PBXBuildFile; fileRef = 200000000000000000000055 /* NamaPlaybackHTTPBridge.swift */; };
		100000000000000000000054 /* NamaPlaybackHTTPBridge+Server.swift in Sources */ = {isa = PBXBuildFile; fileRef = 200000000000000000000056 /* NamaPlaybackHTTPBridge+Server.swift */; };
		100000000000000000000055 /* NamaPlaybackBridgeRequest.swift in Sources */ = {isa = PBXBuildFile; fileRef = 200000000000000000000057 /* NamaPlaybackBridgeRequest.swift */; };
		100000000000000000000056 /* NamaPlaybackBridgeRequest+Playlist.swift in Sources */ = {isa = PBXBuildFile; fileRef = 200000000000000000000058 /* NamaPlaybackBridgeRequest+Playlist.swift */; };
		100000000000000000000057 /* NamaPlayer+Loading.swift in Sources */ = {isa = PBXBuildFile; fileRef = 200000000000000000000059 /* NamaPlayer+Loading.swift */; };
		100000000000000000000058 /* NamaPlaybackBridgeRequest+URLSession.swift in Sources */ = {isa = PBXBuildFile; fileRef = 200000000000000000000060 /* NamaPlaybackBridgeRequest+URLSession.swift */; };
		100000000000000000000059 /* NamaPlayerSecurityTests.swift in Sources */ = {isa = PBXBuildFile; fileRef = 200000000000000000000061 /* NamaPlayerSecurityTests.swift */; };
		100000000000000000000060 /* NamaPlayerHLSRequestSecurityTests.swift in Sources */ = {isa = PBXBuildFile; fileRef = 200000000000000000000062 /* NamaPlayerHLSRequestSecurityTests.swift */; };
		100000000000000000000061 /* NamaPlayerLifecycleTests.swift in Sources */ = {isa = PBXBuildFile; fileRef = 200000000000000000000063 /* NamaPlayerLifecycleTests.swift */; };
		100000000000000000000062 /* NamaPlayerExpiryLifecycleTests.swift in Sources */ = {isa = PBXBuildFile; fileRef = 200000000000000000000064 /* NamaPlayerExpiryLifecycleTests.swift */; };
		100000000000000000000069 /* HomeFeatureTests.swift in Sources */ = {isa = PBXBuildFile; fileRef = 200000000000000000000071 /* HomeFeatureTests.swift */; };
		100000000000000000000070 /* HomeAdapterTests.swift in Sources */ = {isa = PBXBuildFile; fileRef = 200000000000000000000072 /* HomeAdapterTests.swift */; };
		100000000000000000000071 /* HomeModels.swift in Sources */ = {isa = PBXBuildFile; fileRef = 200000000000000000000073 /* HomeModels.swift */; };
		100000000000000000000072 /* HomeFeature.swift in Sources */ = {isa = PBXBuildFile; fileRef = 200000000000000000000074 /* HomeFeature.swift */; };
		100000000000000000000073 /* HomeView.swift in Sources */ = {isa = PBXBuildFile; fileRef = 200000000000000000000075 /* HomeView.swift */; };
		100000000000000000000074 /* HomePreviewFixtures.swift in Sources */ = {isa = PBXBuildFile; fileRef = 200000000000000000000076 /* HomePreviewFixtures.swift */; };
		100000000000000000000075 /* HomeResponseMapping.swift in Sources */ = {isa = PBXBuildFile; fileRef = 200000000000000000000077 /* HomeResponseMapping.swift */; };
		100000000000000000000076 /* HomeFailureViews.swift in Sources */ = {isa = PBXBuildFile; fileRef = 200000000000000000000078 /* HomeFailureViews.swift */; };
		100000000000000000000077 /* HomeAdapterTestSupport.swift in Sources */ = {isa = PBXBuildFile; fileRef = 200000000000000000000079 /* HomeAdapterTestSupport.swift */; };
		100000000000000000000078 /* OAuthAuthorizationFeatureDiscard.swift in Sources */ = {isa = PBXBuildFile; fileRef = 200000000000000000000080 /* OAuthAuthorizationFeatureDiscard.swift */; };
		100000000000000000000081 /* HomeArtworkHTTPClient.swift in Sources */ = {isa = PBXBuildFile; fileRef = 200000000000000000000081 /* HomeArtworkHTTPClient.swift */; };
		100000000000000000000082 /* HomeArtworkLoader.swift in Sources */ = {isa = PBXBuildFile; fileRef = 200000000000000000000082 /* HomeArtworkLoader.swift */; };
		100000000000000000000083 /* HomeArtworkTypes.swift in Sources */ = {isa = PBXBuildFile; fileRef = 200000000000000000000083 /* HomeArtworkTypes.swift */; };
		100000000000000000000084 /* HomeArtworkWindow.swift in Sources */ = {isa = PBXBuildFile; fileRef = 200000000000000000000084 /* HomeArtworkWindow.swift */; };
		100000000000000000000085 /* NamaLibraryClient+Artwork.swift in Sources */ = {isa = PBXBuildFile; fileRef = 200000000000000000000085 /* NamaLibraryClient+Artwork.swift */; };
		100000000000000000000086 /* HomeArtworkView.swift in Sources */ = {isa = PBXBuildFile; fileRef = 200000000000000000000086 /* HomeArtworkView.swift */; };
		100000000000000000000087 /* HomeArtworkTests.swift in Sources */ = {isa = PBXBuildFile; fileRef = 200000000000000000000087 /* HomeArtworkTests.swift */; };
		100000000000000000000088 /* HomeArtworkLoaderTests.swift in Sources */ = {isa = PBXBuildFile; fileRef = 200000000000000000000088 /* HomeArtworkLoaderTests.swift */; };
		100000000000000000000091 /* HomeArtworkLoaderCacheTests.swift in Sources */ = {isa = PBXBuildFile; fileRef = 200000000000000000000091 /* HomeArtworkLoaderCacheTests.swift */; };
		100000000000000000000089 /* HomeArtworkTestSupport.swift in Sources */ = {isa = PBXBuildFile; fileRef = 200000000000000000000089 /* HomeArtworkTestSupport.swift */; };
		100000000000000000000090 /* OAuthAuthorizationRetryTests.swift in Sources */ = {isa = PBXBuildFile; fileRef = 200000000000000000000090 /* OAuthAuthorizationRetryTests.swift */; };
		100000000000000000000106 /* MovieDetailsFeatureTests.swift in Sources */ = {isa = PBXBuildFile; fileRef = 200000000000000000000106 /* MovieDetailsFeatureTests.swift */; };
		100000000000000000000092 /* MediaDetailsModels.swift in Sources */ = {isa = PBXBuildFile; fileRef = 200000000000000000000092 /* MediaDetailsModels.swift */; };
		100000000000000000000093 /* MediaDetailsFeature.swift in Sources */ = {isa = PBXBuildFile; fileRef = 200000000000000000000093 /* MediaDetailsFeature.swift */; };
		100000000000000000000094 /* MovieDetailsAdapterTests.swift in Sources */ = {isa = PBXBuildFile; fileRef = 200000000000000000000094 /* MovieDetailsAdapterTests.swift */; };
		100000000000000000000095 /* NamaLibraryClient+MediaDetails.swift in Sources */ = {isa = PBXBuildFile; fileRef = 200000000000000000000095 /* NamaLibraryClient+MediaDetails.swift */; };
		100000000000000000000096 /* MediaDetailsView.swift in Sources */ = {isa = PBXBuildFile; fileRef = 200000000000000000000096 /* MediaDetailsView.swift */; };
		100000000000000000000097 /* MediaDetailsContentView.swift in Sources */ = {isa = PBXBuildFile; fileRef = 200000000000000000000097 /* MediaDetailsContentView.swift */; };
		100000000000000000000098 /* MediaDetailsCreditsView.swift in Sources */ = {isa = PBXBuildFile; fileRef = 200000000000000000000098 /* MediaDetailsCreditsView.swift */; };
		100000000000000000000099 /* MediaDetailsFailureViews.swift in Sources */ = {isa = PBXBuildFile; fileRef = 200000000000000000000099 /* MediaDetailsFailureViews.swift */; };
		100000000000000000000100 /* MovieDetailsTestSupport.swift in Sources */ = {isa = PBXBuildFile; fileRef = 200000000000000000000100 /* MovieDetailsTestSupport.swift */; };
		100000000000000000000101 /* MovieDetailsProjectionTests.swift in Sources */ = {isa = PBXBuildFile; fileRef = 200000000000000000000101 /* MovieDetailsProjectionTests.swift */; };
		100000000000000000000102 /* MovieDetailsAdapterTestSupport.swift in Sources */ = {isa = PBXBuildFile; fileRef = 200000000000000000000102 /* MovieDetailsAdapterTestSupport.swift */; };
		100000000000000000000103 /* MediaDetailsFeature+Artwork.swift in Sources */ = {isa = PBXBuildFile; fileRef = 200000000000000000000103 /* MediaDetailsFeature+Artwork.swift */; };
		100000000000000000000104 /* MediaDetailsPreviewFixtures.swift in Sources */ = {isa = PBXBuildFile; fileRef = 200000000000000000000104 /* MediaDetailsPreviewFixtures.swift */; };
		100000000000000000000105 /* MovieDetailsArtworkFeatureTests.swift in Sources */ = {isa = PBXBuildFile; fileRef = 200000000000000000000105 /* MovieDetailsArtworkFeatureTests.swift */; };
		100000000000000000000107 /* NamaLibraryClient+MediaMapping.swift in Sources */ = {isa = PBXBuildFile; fileRef = 200000000000000000000107 /* NamaLibraryClient+MediaMapping.swift */; };
		100000000000000000000108 /* NamaLibraryClient+MediaDetailsMapping.swift in Sources */ = {isa = PBXBuildFile; fileRef = 200000000000000000000108 /* NamaLibraryClient+MediaDetailsMapping.swift */; };
		100000000000000000000109 /* MediaDetailsKindAdapterTests.swift in Sources */ = {isa = PBXBuildFile; fileRef = 200000000000000000000109 /* MediaDetailsKindAdapterTests.swift */; };
		100000000000000000000110 /* MediaChildrenAdapterTests.swift in Sources */ = {isa = PBXBuildFile; fileRef = 200000000000000000000110 /* MediaChildrenAdapterTests.swift */; };
		100000000000000000000111 /* NamaLibraryClient+MediaChildren.swift in Sources */ = {isa = PBXBuildFile; fileRef = 200000000000000000000111 /* NamaLibraryClient+MediaChildren.swift */; };
		100000000000000000000112 /* MediaHierarchyFeatureTests.swift in Sources */ = {isa = PBXBuildFile; fileRef = 200000000000000000000112 /* MediaHierarchyFeatureTests.swift */; };
		100000000000000000000113 /* HomeDetailsSelectionTests.swift in Sources */ = {isa = PBXBuildFile; fileRef = 200000000000000000000113 /* HomeDetailsSelectionTests.swift */; };
		100000000000000000000114 /* MediaKindProjectionTests.swift in Sources */ = {isa = PBXBuildFile; fileRef = 200000000000000000000114 /* MediaKindProjectionTests.swift */; };
		100000000000000000000115 /* MediaDetailsProjection.swift in Sources */ = {isa = PBXBuildFile; fileRef = 200000000000000000000115 /* MediaDetailsProjection.swift */; };
		100000000000000000000116 /* MediaDetailsHierarchyView.swift in Sources */ = {isa = PBXBuildFile; fileRef = 200000000000000000000116 /* MediaDetailsHierarchyView.swift */; };
		100000000000000000000117 /* MediaDetailsFeature+Children.swift in Sources */ = {isa = PBXBuildFile; fileRef = 200000000000000000000117 /* MediaDetailsFeature+Children.swift */; };
		100000000000000000000118 /* MediaHierarchyPreviewFixtures.swift in Sources */ = {isa = PBXBuildFile; fileRef = 200000000000000000000118 /* MediaHierarchyPreviewFixtures.swift */; };
		100000000000000000000119 /* MediaPageRecoveryFeatureTests.swift in Sources */ = {isa = PBXBuildFile; fileRef = 200000000000000000000119 /* MediaPageRecoveryFeatureTests.swift */; };
		100000000000000000000120 /* MediaChildArtworkFeatureTests.swift in Sources */ = {isa = PBXBuildFile; fileRef = 200000000000000000000120 /* MediaChildArtworkFeatureTests.swift */; };
		100000000000000000000121 /* MediaDetailsFeature+ChildArtwork.swift in Sources */ = {isa = PBXBuildFile; fileRef = 200000000000000000000121 /* MediaDetailsFeature+ChildArtwork.swift */; };
		100000000000000000000122 /* MediaModels.swift in Sources */ = {isa = PBXBuildFile; fileRef = 200000000000000000000122 /* MediaModels.swift */; };
		100000000000000000000123 /* MediaChildRow.swift in Sources */ = {isa = PBXBuildFile; fileRef = 200000000000000000000123 /* MediaChildRow.swift */; };
/* End PBXBuildFile section */

/* Begin PBXContainerItemProxy section */
		300000000000000000000001 /* PBXContainerItemProxy */ = {
			isa = PBXContainerItemProxy;
			containerPortal = 700000000000000000000001 /* Project object */;
			proxyType = 1;
			remoteGlobalIDString = 800000000000000000000001;
			remoteInfo = Nama;
		};
/* End PBXContainerItemProxy section */

/* Begin PBXFileReference section */
		200000000000000000000001 /* NamaApp.swift */ = {isa = PBXFileReference; lastKnownFileType = sourcecode.swift; path = NamaApp.swift; sourceTree = "<group>"; };
		200000000000000000000002 /* EndpointTests.swift */ = {isa = PBXFileReference; lastKnownFileType = sourcecode.swift; path = EndpointTests.swift; sourceTree = "<group>"; };
		200000000000000000000003 /* Nama.app */ = {isa = PBXFileReference; explicitFileType = wrapper.application; includeInIndex = 0; path = Nama.app; sourceTree = BUILT_PRODUCTS_DIR; };
		200000000000000000000004 /* NamaTests.xctest */ = {isa = PBXFileReference; explicitFileType = wrapper.cfbundle; includeInIndex = 0; path = NamaTests.xctest; sourceTree = BUILT_PRODUCTS_DIR; };
		200000000000000000000005 /* Endpoint.swift */ = {isa = PBXFileReference; lastKnownFileType = sourcecode.swift; path = Endpoint.swift; sourceTree = "<group>"; };
		200000000000000000000006 /* ConnectionFeatureTests.swift */ = {isa = PBXFileReference; lastKnownFileType = sourcecode.swift; path = ConnectionFeatureTests.swift; sourceTree = "<group>"; };
		200000000000000000000007 /* ConnectionFeature.swift */ = {isa = PBXFileReference; lastKnownFileType = sourcecode.swift; path = ConnectionFeature.swift; sourceTree = "<group>"; };
		200000000000000000000008 /* SetupStatusVerifierTests.swift */ = {isa = PBXFileReference; lastKnownFileType = sourcecode.swift; path = SetupStatusVerifierTests.swift; sourceTree = "<group>"; };
		200000000000000000000009 /* SetupStatusVerifier.swift */ = {isa = PBXFileReference; lastKnownFileType = sourcecode.swift; path = SetupStatusVerifier.swift; sourceTree = "<group>"; };
		200000000000000000000010 /* ConnectionPresentationTests.swift */ = {isa = PBXFileReference; lastKnownFileType = sourcecode.swift; path = ConnectionPresentationTests.swift; sourceTree = "<group>"; };
		200000000000000000000011 /* ConnectionPresentation.swift */ = {isa = PBXFileReference; lastKnownFileType = sourcecode.swift; path = ConnectionPresentation.swift; sourceTree = "<group>"; };
		200000000000000000000012 /* ConnectionView.swift */ = {isa = PBXFileReference; lastKnownFileType = sourcecode.swift; path = ConnectionView.swift; sourceTree = "<group>"; };
		200000000000000000000013 /* TVConnectionView.swift */ = {isa = PBXFileReference; lastKnownFileType = sourcecode.swift; path = TVConnectionView.swift; sourceTree = "<group>"; };
		200000000000000000000014 /* Localizable.xcstrings */ = {isa = PBXFileReference; lastKnownFileType = text.json.xcstrings; path = Localizable.xcstrings; sourceTree = "<group>"; };
		200000000000000000000015 /* Nama.entitlements */ = {isa = PBXFileReference; lastKnownFileType = text.plist.entitlements; path = Nama.entitlements; sourceTree = "<group>"; };
		200000000000000000000016 /* TestSupport.swift */ = {isa = PBXFileReference; lastKnownFileType = sourcecode.swift; path = TestSupport.swift; sourceTree = "<group>"; };
		200000000000000000000017 /* DiscoveryTests.swift */ = {isa = PBXFileReference; lastKnownFileType = sourcecode.swift; path = DiscoveryTests.swift; sourceTree = "<group>"; };
		200000000000000000000018 /* ConnectionDiscoveryTests.swift */ = {isa = PBXFileReference; lastKnownFileType = sourcecode.swift; path = ConnectionDiscoveryTests.swift; sourceTree = "<group>"; };
		200000000000000000000019 /* Discovery.swift */ = {isa = PBXFileReference; lastKnownFileType = sourcecode.swift; path = Discovery.swift; sourceTree = "<group>"; };
		200000000000000000000020 /* Info.plist */ = {isa = PBXFileReference; lastKnownFileType = text.plist.xml; path = Info.plist; sourceTree = "<group>"; };
		200000000000000000000021 /* DiscoveryView.swift */ = {isa = PBXFileReference; lastKnownFileType = sourcecode.swift; path = DiscoveryView.swift; sourceTree = "<group>"; };
		200000000000000000000022 /* InfoPlist.xcstrings */ = {isa = PBXFileReference; lastKnownFileType = text.json.xcstrings; path = InfoPlist.xcstrings; sourceTree = "<group>"; };
		200000000000000000000023 /* VerifiedEndpointStoreTests.swift */ = {isa = PBXFileReference; lastKnownFileType = sourcecode.swift; path = VerifiedEndpointStoreTests.swift; sourceTree = "<group>"; };
		200000000000000000000024 /* VerifiedEndpointStore.swift */ = {isa = PBXFileReference; lastKnownFileType = sourcecode.swift; path = VerifiedEndpointStore.swift; sourceTree = "<group>"; };
		200000000000000000000025 /* ConnectionRecoveryTests.swift */ = {isa = PBXFileReference; lastKnownFileType = sourcecode.swift; path = ConnectionRecoveryTests.swift; sourceTree = "<group>"; };
		200000000000000000000026 /* ConnectionDiscoverySession.swift */ = {isa = PBXFileReference; lastKnownFileType = sourcecode.swift; path = ConnectionDiscoverySession.swift; sourceTree = "<group>"; };
		200000000000000000000027 /* ConnectionFeatureFlow.swift */ = {isa = PBXFileReference; lastKnownFileType = sourcecode.swift; path = ConnectionFeatureFlow.swift; sourceTree = "<group>"; };
		200000000000000000000028 /* ConnectionState.swift */ = {isa = PBXFileReference; lastKnownFileType = sourcecode.swift; path = ConnectionState.swift; sourceTree = "<group>"; };
		200000000000000000000029 /* ConnectionVerification.swift */ = {isa = PBXFileReference; lastKnownFileType = sourcecode.swift; path = ConnectionVerification.swift; sourceTree = "<group>"; };
		200000000000000000000030 /* Nama.icon */ = {isa = PBXFileReference; lastKnownFileType = folder.iconcomposer.icon; path = Nama.icon; sourceTree = "<group>"; };
		200000000000000000000031 /* OAuthAuthorizationFeatureTests.swift */ = {isa = PBXFileReference; lastKnownFileType = sourcecode.swift; path = OAuthAuthorizationFeatureTests.swift; sourceTree = "<group>"; };
		200000000000000000000032 /* OAuthAuthorizationModels.swift */ = {isa = PBXFileReference; lastKnownFileType = sourcecode.swift; path = OAuthAuthorizationModels.swift; sourceTree = "<group>"; };
		200000000000000000000033 /* OAuthAuthorizationFeature.swift */ = {isa = PBXFileReference; lastKnownFileType = sourcecode.swift; path = OAuthAuthorizationFeature.swift; sourceTree = "<group>"; };
		200000000000000000000034 /* OAuthAuthorizationHTTPClient.swift */ = {isa = PBXFileReference; lastKnownFileType = sourcecode.swift; path = OAuthAuthorizationHTTPClient.swift; sourceTree = "<group>"; };
		200000000000000000000035 /* OAuthTokenStore.swift */ = {isa = PBXFileReference; lastKnownFileType = sourcecode.swift; path = OAuthTokenStore.swift; sourceTree = "<group>"; };
		200000000000000000000036 /* OAuthAuthorizationView.swift */ = {isa = PBXFileReference; lastKnownFileType = sourcecode.swift; path = OAuthAuthorizationView.swift; sourceTree = "<group>"; };
		200000000000000000000037 /* NamaLibraryClient.swift */ = {isa = PBXFileReference; lastKnownFileType = sourcecode.swift; path = NamaLibraryClient.swift; sourceTree = "<group>"; };
		200000000000000000000038 /* OAuthAuthorizationLifecycleTests.swift */ = {isa = PBXFileReference; lastKnownFileType = sourcecode.swift; path = OAuthAuthorizationLifecycleTests.swift; sourceTree = "<group>"; };
		200000000000000000000039 /* OAuthAuthorizationTransportTests.swift */ = {isa = PBXFileReference; lastKnownFileType = sourcecode.swift; path = OAuthAuthorizationTransportTests.swift; sourceTree = "<group>"; };
		200000000000000000000040 /* OAuthTokenStoreTests.swift */ = {isa = PBXFileReference; lastKnownFileType = sourcecode.swift; path = OAuthTokenStoreTests.swift; sourceTree = "<group>"; };
		200000000000000000000041 /* OAuthAuthorizationTestSupport.swift */ = {isa = PBXFileReference; lastKnownFileType = sourcecode.swift; path = OAuthAuthorizationTestSupport.swift; sourceTree = "<group>"; };
		200000000000000000000042 /* OAuthAuthorizationFeatureCommit.swift */ = {isa = PBXFileReference; lastKnownFileType = sourcecode.swift; path = OAuthAuthorizationFeatureCommit.swift; sourceTree = "<group>"; };
		200000000000000000000043 /* OAuthAuthorizationFeatureFlow.swift */ = {isa = PBXFileReference; lastKnownFileType = sourcecode.swift; path = OAuthAuthorizationFeatureFlow.swift; sourceTree = "<group>"; };
		200000000000000000000044 /* NamaPlayerTests.swift */ = {isa = PBXFileReference; lastKnownFileType = sourcecode.swift; path = NamaPlayerTests.swift; sourceTree = "<group>"; };
		200000000000000000000045 /* PlaybackFixtureServer.swift */ = {isa = PBXFileReference; lastKnownFileType = sourcecode.swift; path = PlaybackFixtureServer.swift; sourceTree = "<group>"; };
		200000000000000000000046 /* sdr-master.m3u8 */ = {isa = PBXFileReference; lastKnownFileType = text; path = "sdr-master.m3u8"; sourceTree = "<group>"; };
		200000000000000000000047 /* sdr-segment.ts */ = {isa = PBXFileReference; lastKnownFileType = file; path = "sdr-segment.ts"; sourceTree = "<group>"; };
		200000000000000000000048 /* subtitle.srt */ = {isa = PBXFileReference; lastKnownFileType = text; path = "subtitle.srt"; sourceTree = "<group>"; };
		200000000000000000000049 /* PlaybackModels.swift */ = {isa = PBXFileReference; lastKnownFileType = sourcecode.swift; path = PlaybackModels.swift; sourceTree = "<group>"; };
		200000000000000000000050 /* NamaPlayer.swift */ = {isa = PBXFileReference; lastKnownFileType = sourcecode.swift; path = NamaPlayer.swift; sourceTree = "<group>"; };
		200000000000000000000051 /* NamaPlayerSurface.swift */ = {isa = PBXFileReference; lastKnownFileType = sourcecode.swift; path = NamaPlayerSurface.swift; sourceTree = "<group>"; };
		200000000000000000000052 /* track-controls.mkv */ = {isa = PBXFileReference; lastKnownFileType = file; path = "track-controls.mkv"; sourceTree = "<group>"; };
		200000000000000000000053 /* Licenses */ = {isa = PBXFileReference; lastKnownFileType = folder; path = Licenses; sourceTree = "<group>"; };
		200000000000000000000054 /* NamaPlayer+EngineMapping.swift */ = {isa = PBXFileReference; lastKnownFileType = sourcecode.swift; path = "NamaPlayer+EngineMapping.swift"; sourceTree = "<group>"; };
		200000000000000000000055 /* NamaPlaybackHTTPBridge.swift */ = {isa = PBXFileReference; lastKnownFileType = sourcecode.swift; path = NamaPlaybackHTTPBridge.swift; sourceTree = "<group>"; };
		200000000000000000000056 /* NamaPlaybackHTTPBridge+Server.swift */ = {isa = PBXFileReference; lastKnownFileType = sourcecode.swift; path = "NamaPlaybackHTTPBridge+Server.swift"; sourceTree = "<group>"; };
		200000000000000000000057 /* NamaPlaybackBridgeRequest.swift */ = {isa = PBXFileReference; lastKnownFileType = sourcecode.swift; path = NamaPlaybackBridgeRequest.swift; sourceTree = "<group>"; };
		200000000000000000000058 /* NamaPlaybackBridgeRequest+Playlist.swift */ = {isa = PBXFileReference; lastKnownFileType = sourcecode.swift; path = "NamaPlaybackBridgeRequest+Playlist.swift"; sourceTree = "<group>"; };
		200000000000000000000059 /* NamaPlayer+Loading.swift */ = {isa = PBXFileReference; lastKnownFileType = sourcecode.swift; path = "NamaPlayer+Loading.swift"; sourceTree = "<group>"; };
		200000000000000000000060 /* NamaPlaybackBridgeRequest+URLSession.swift */ = {isa = PBXFileReference; lastKnownFileType = sourcecode.swift; path = "NamaPlaybackBridgeRequest+URLSession.swift"; sourceTree = "<group>"; };
		200000000000000000000061 /* NamaPlayerSecurityTests.swift */ = {isa = PBXFileReference; lastKnownFileType = sourcecode.swift; path = NamaPlayerSecurityTests.swift; sourceTree = "<group>"; };
		200000000000000000000062 /* NamaPlayerHLSRequestSecurityTests.swift */ = {isa = PBXFileReference; lastKnownFileType = sourcecode.swift; path = NamaPlayerHLSRequestSecurityTests.swift; sourceTree = "<group>"; };
		200000000000000000000063 /* NamaPlayerLifecycleTests.swift */ = {isa = PBXFileReference; lastKnownFileType = sourcecode.swift; path = NamaPlayerLifecycleTests.swift; sourceTree = "<group>"; };
		200000000000000000000064 /* NamaPlayerExpiryLifecycleTests.swift */ = {isa = PBXFileReference; lastKnownFileType = sourcecode.swift; path = NamaPlayerExpiryLifecycleTests.swift; sourceTree = "<group>"; };
		200000000000000000000071 /* HomeFeatureTests.swift */ = {isa = PBXFileReference; lastKnownFileType = sourcecode.swift; path = HomeFeatureTests.swift; sourceTree = "<group>"; };
		200000000000000000000072 /* HomeAdapterTests.swift */ = {isa = PBXFileReference; lastKnownFileType = sourcecode.swift; path = HomeAdapterTests.swift; sourceTree = "<group>"; };
		200000000000000000000073 /* HomeModels.swift */ = {isa = PBXFileReference; lastKnownFileType = sourcecode.swift; path = HomeModels.swift; sourceTree = "<group>"; };
		200000000000000000000074 /* HomeFeature.swift */ = {isa = PBXFileReference; lastKnownFileType = sourcecode.swift; path = HomeFeature.swift; sourceTree = "<group>"; };
		200000000000000000000075 /* HomeView.swift */ = {isa = PBXFileReference; lastKnownFileType = sourcecode.swift; path = HomeView.swift; sourceTree = "<group>"; };
		200000000000000000000076 /* HomePreviewFixtures.swift */ = {isa = PBXFileReference; lastKnownFileType = sourcecode.swift; path = HomePreviewFixtures.swift; sourceTree = "<group>"; };
		200000000000000000000077 /* HomeResponseMapping.swift */ = {isa = PBXFileReference; lastKnownFileType = sourcecode.swift; path = HomeResponseMapping.swift; sourceTree = "<group>"; };
		200000000000000000000078 /* HomeFailureViews.swift */ = {isa = PBXFileReference; lastKnownFileType = sourcecode.swift; path = HomeFailureViews.swift; sourceTree = "<group>"; };
		200000000000000000000079 /* HomeAdapterTestSupport.swift */ = {isa = PBXFileReference; lastKnownFileType = sourcecode.swift; path = HomeAdapterTestSupport.swift; sourceTree = "<group>"; };
		200000000000000000000080 /* OAuthAuthorizationFeatureDiscard.swift */ = {isa = PBXFileReference; lastKnownFileType = sourcecode.swift; path = OAuthAuthorizationFeatureDiscard.swift; sourceTree = "<group>"; };
		200000000000000000000081 /* HomeArtworkHTTPClient.swift */ = {isa = PBXFileReference; lastKnownFileType = sourcecode.swift; path = HomeArtworkHTTPClient.swift; sourceTree = "<group>"; };
		200000000000000000000082 /* HomeArtworkLoader.swift */ = {isa = PBXFileReference; lastKnownFileType = sourcecode.swift; path = HomeArtworkLoader.swift; sourceTree = "<group>"; };
		200000000000000000000083 /* HomeArtworkTypes.swift */ = {isa = PBXFileReference; lastKnownFileType = sourcecode.swift; path = HomeArtworkTypes.swift; sourceTree = "<group>"; };
		200000000000000000000084 /* HomeArtworkWindow.swift */ = {isa = PBXFileReference; lastKnownFileType = sourcecode.swift; path = HomeArtworkWindow.swift; sourceTree = "<group>"; };
		200000000000000000000085 /* NamaLibraryClient+Artwork.swift */ = {isa = PBXFileReference; lastKnownFileType = sourcecode.swift; path = "NamaLibraryClient+Artwork.swift"; sourceTree = "<group>"; };
		200000000000000000000086 /* HomeArtworkView.swift */ = {isa = PBXFileReference; lastKnownFileType = sourcecode.swift; path = HomeArtworkView.swift; sourceTree = "<group>"; };
		200000000000000000000087 /* HomeArtworkTests.swift */ = {isa = PBXFileReference; lastKnownFileType = sourcecode.swift; path = HomeArtworkTests.swift; sourceTree = "<group>"; };
		200000000000000000000088 /* HomeArtworkLoaderTests.swift */ = {isa = PBXFileReference; lastKnownFileType = sourcecode.swift; path = HomeArtworkLoaderTests.swift; sourceTree = "<group>"; };
		200000000000000000000091 /* HomeArtworkLoaderCacheTests.swift */ = {isa = PBXFileReference; lastKnownFileType = sourcecode.swift; path = HomeArtworkLoaderCacheTests.swift; sourceTree = "<group>"; };
		200000000000000000000089 /* HomeArtworkTestSupport.swift */ = {isa = PBXFileReference; lastKnownFileType = sourcecode.swift; path = HomeArtworkTestSupport.swift; sourceTree = "<group>"; };
		200000000000000000000090 /* OAuthAuthorizationRetryTests.swift */ = {isa = PBXFileReference; lastKnownFileType = sourcecode.swift; path = OAuthAuthorizationRetryTests.swift; sourceTree = "<group>"; };
		200000000000000000000106 /* MovieDetailsFeatureTests.swift */ = {isa = PBXFileReference; lastKnownFileType = sourcecode.swift; path = MovieDetailsFeatureTests.swift; sourceTree = "<group>"; };
		200000000000000000000092 /* MediaDetailsModels.swift */ = {isa = PBXFileReference; lastKnownFileType = sourcecode.swift; path = MediaDetailsModels.swift; sourceTree = "<group>"; };
		200000000000000000000093 /* MediaDetailsFeature.swift */ = {isa = PBXFileReference; lastKnownFileType = sourcecode.swift; path = MediaDetailsFeature.swift; sourceTree = "<group>"; };
		200000000000000000000094 /* MovieDetailsAdapterTests.swift */ = {isa = PBXFileReference; lastKnownFileType = sourcecode.swift; path = MovieDetailsAdapterTests.swift; sourceTree = "<group>"; };
		200000000000000000000095 /* NamaLibraryClient+MediaDetails.swift */ = {isa = PBXFileReference; lastKnownFileType = sourcecode.swift; path = "NamaLibraryClient+MediaDetails.swift"; sourceTree = "<group>"; };
		200000000000000000000096 /* MediaDetailsView.swift */ = {isa = PBXFileReference; lastKnownFileType = sourcecode.swift; path = MediaDetailsView.swift; sourceTree = "<group>"; };
		200000000000000000000097 /* MediaDetailsContentView.swift */ = {isa = PBXFileReference; lastKnownFileType = sourcecode.swift; path = MediaDetailsContentView.swift; sourceTree = "<group>"; };
		200000000000000000000098 /* MediaDetailsCreditsView.swift */ = {isa = PBXFileReference; lastKnownFileType = sourcecode.swift; path = MediaDetailsCreditsView.swift; sourceTree = "<group>"; };
		200000000000000000000099 /* MediaDetailsFailureViews.swift */ = {isa = PBXFileReference; lastKnownFileType = sourcecode.swift; path = MediaDetailsFailureViews.swift; sourceTree = "<group>"; };
		200000000000000000000100 /* MovieDetailsTestSupport.swift */ = {isa = PBXFileReference; lastKnownFileType = sourcecode.swift; path = MovieDetailsTestSupport.swift; sourceTree = "<group>"; };
		200000000000000000000101 /* MovieDetailsProjectionTests.swift */ = {isa = PBXFileReference; lastKnownFileType = sourcecode.swift; path = MovieDetailsProjectionTests.swift; sourceTree = "<group>"; };
		200000000000000000000102 /* MovieDetailsAdapterTestSupport.swift */ = {isa = PBXFileReference; lastKnownFileType = sourcecode.swift; path = MovieDetailsAdapterTestSupport.swift; sourceTree = "<group>"; };
		200000000000000000000103 /* MediaDetailsFeature+Artwork.swift */ = {isa = PBXFileReference; lastKnownFileType = sourcecode.swift; path = "MediaDetailsFeature+Artwork.swift"; sourceTree = "<group>"; };
		200000000000000000000104 /* MediaDetailsPreviewFixtures.swift */ = {isa = PBXFileReference; lastKnownFileType = sourcecode.swift; path = MediaDetailsPreviewFixtures.swift; sourceTree = "<group>"; };
		200000000000000000000105 /* MovieDetailsArtworkFeatureTests.swift */ = {isa = PBXFileReference; lastKnownFileType = sourcecode.swift; path = MovieDetailsArtworkFeatureTests.swift; sourceTree = "<group>"; };
		200000000000000000000107 /* NamaLibraryClient+MediaMapping.swift */ = {isa = PBXFileReference; lastKnownFileType = sourcecode.swift; path = "NamaLibraryClient+MediaMapping.swift"; sourceTree = "<group>"; };
		200000000000000000000108 /* NamaLibraryClient+MediaDetailsMapping.swift */ = {isa = PBXFileReference; lastKnownFileType = sourcecode.swift; path = "NamaLibraryClient+MediaDetailsMapping.swift"; sourceTree = "<group>"; };
		200000000000000000000109 /* MediaDetailsKindAdapterTests.swift */ = {isa = PBXFileReference; lastKnownFileType = sourcecode.swift; path = MediaDetailsKindAdapterTests.swift; sourceTree = "<group>"; };
		200000000000000000000110 /* MediaChildrenAdapterTests.swift */ = {isa = PBXFileReference; lastKnownFileType = sourcecode.swift; path = MediaChildrenAdapterTests.swift; sourceTree = "<group>"; };
		200000000000000000000111 /* NamaLibraryClient+MediaChildren.swift */ = {isa = PBXFileReference; lastKnownFileType = sourcecode.swift; path = "NamaLibraryClient+MediaChildren.swift"; sourceTree = "<group>"; };
		200000000000000000000112 /* MediaHierarchyFeatureTests.swift */ = {isa = PBXFileReference; lastKnownFileType = sourcecode.swift; path = MediaHierarchyFeatureTests.swift; sourceTree = "<group>"; };
		200000000000000000000113 /* HomeDetailsSelectionTests.swift */ = {isa = PBXFileReference; lastKnownFileType = sourcecode.swift; path = HomeDetailsSelectionTests.swift; sourceTree = "<group>"; };
		200000000000000000000114 /* MediaKindProjectionTests.swift */ = {isa = PBXFileReference; lastKnownFileType = sourcecode.swift; path = MediaKindProjectionTests.swift; sourceTree = "<group>"; };
		200000000000000000000115 /* MediaDetailsProjection.swift */ = {isa = PBXFileReference; lastKnownFileType = sourcecode.swift; path = MediaDetailsProjection.swift; sourceTree = "<group>"; };
		200000000000000000000116 /* MediaDetailsHierarchyView.swift */ = {isa = PBXFileReference; lastKnownFileType = sourcecode.swift; path = MediaDetailsHierarchyView.swift; sourceTree = "<group>"; };
		200000000000000000000117 /* MediaDetailsFeature+Children.swift */ = {isa = PBXFileReference; lastKnownFileType = sourcecode.swift; path = "MediaDetailsFeature+Children.swift"; sourceTree = "<group>"; };
		200000000000000000000118 /* MediaHierarchyPreviewFixtures.swift */ = {isa = PBXFileReference; lastKnownFileType = sourcecode.swift; path = MediaHierarchyPreviewFixtures.swift; sourceTree = "<group>"; };
		200000000000000000000119 /* MediaPageRecoveryFeatureTests.swift */ = {isa = PBXFileReference; lastKnownFileType = sourcecode.swift; path = MediaPageRecoveryFeatureTests.swift; sourceTree = "<group>"; };
		200000000000000000000120 /* MediaChildArtworkFeatureTests.swift */ = {isa = PBXFileReference; lastKnownFileType = sourcecode.swift; path = MediaChildArtworkFeatureTests.swift; sourceTree = "<group>"; };
		200000000000000000000121 /* MediaDetailsFeature+ChildArtwork.swift */ = {isa = PBXFileReference; lastKnownFileType = sourcecode.swift; path = "MediaDetailsFeature+ChildArtwork.swift"; sourceTree = "<group>"; };
		200000000000000000000122 /* MediaModels.swift */ = {isa = PBXFileReference; lastKnownFileType = sourcecode.swift; path = MediaModels.swift; sourceTree = "<group>"; };
		200000000000000000000123 /* MediaChildRow.swift */ = {isa = PBXFileReference; lastKnownFileType = sourcecode.swift; path = MediaChildRow.swift; sourceTree = "<group>"; };
/* End PBXFileReference section */

/* Begin PBXFrameworksBuildPhase section */
		400000000000000000000001 /* Frameworks */ = {
			isa = PBXFrameworksBuildPhase;
			buildActionMask = 2147483647;
			files = (
				100000000000000000000046 /* AetherEngine in Frameworks */,
				100000000000000000000003 /* NamaAPI in Frameworks */,
			);
			runOnlyForDeploymentPostprocessing = 0;
		};
		400000000000000000000002 /* Frameworks */ = {
			isa = PBXFrameworksBuildPhase;
			buildActionMask = 2147483647;
			files = (
			);
			runOnlyForDeploymentPostprocessing = 0;
		};
/* End PBXFrameworksBuildPhase section */

/* Begin PBXGroup section */
		500000000000000000000001 = {
			isa = PBXGroup;
			children = (
				500000000000000000000002 /* Nama */,
				500000000000000000000003 /* NamaTests */,
				500000000000000000000004 /* Products */,
			);
			sourceTree = "<group>";
		};
		500000000000000000000002 /* Nama */ = {
			isa = PBXGroup;
			children = (
				500000000000000000000009 /* OAuthAuthorization */,
				500000000000000000000013 /* Home */,
				500000000000000000000017 /* Media */,
				500000000000000000000016 /* Details */,
				500000000000000000000010 /* Playback */,
				200000000000000000000001 /* NamaApp.swift */,
				500000000000000000000006 /* Connection */,
				500000000000000000000005 /* Resources */,
			);
			path = Nama;
			sourceTree = "<group>";
		};
		500000000000000000000003 /* NamaTests */ = {
			isa = PBXGroup;
			children = (
				500000000000000000000007 /* Connection */,
				500000000000000000000008 /* OAuthAuthorization */,
				500000000000000000000014 /* Home */,
				500000000000000000000011 /* Playback */,
				500000000000000000000015 /* Details */,
			);
			path = NamaTests;
			sourceTree = "<group>";
		};
		500000000000000000000004 /* Products */ = {
			isa = PBXGroup;
			children = (
				200000000000000000000003 /* Nama.app */,
				200000000000000000000004 /* NamaTests.xctest */,
			);
			name = Products;
			sourceTree = "<group>";
		};
		500000000000000000000006 /* Connection */ = {
			isa = PBXGroup;
			children = (
				200000000000000000000005 /* Endpoint.swift */,
				200000000000000000000019 /* Discovery.swift */,
				200000000000000000000026 /* ConnectionDiscoverySession.swift */,
				200000000000000000000021 /* DiscoveryView.swift */,
				200000000000000000000024 /* VerifiedEndpointStore.swift */,
				200000000000000000000007 /* ConnectionFeature.swift */,
				200000000000000000000027 /* ConnectionFeatureFlow.swift */,
				200000000000000000000028 /* ConnectionState.swift */,
				200000000000000000000029 /* ConnectionVerification.swift */,
				200000000000000000000009 /* SetupStatusVerifier.swift */,
				200000000000000000000011 /* ConnectionPresentation.swift */,
				200000000000000000000012 /* ConnectionView.swift */,
				200000000000000000000013 /* TVConnectionView.swift */,
			);
			path = Connection;
			sourceTree = "<group>";
		};
		500000000000000000000007 /* Connection */ = {
			isa = PBXGroup;
			children = (
				200000000000000000000002 /* EndpointTests.swift */,
				200000000000000000000023 /* VerifiedEndpointStoreTests.swift */,
				200000000000000000000006 /* ConnectionFeatureTests.swift */,
				200000000000000000000025 /* ConnectionRecoveryTests.swift */,
				200000000000000000000008 /* SetupStatusVerifierTests.swift */,
				200000000000000000000010 /* ConnectionPresentationTests.swift */,
				200000000000000000000017 /* DiscoveryTests.swift */,
				200000000000000000000018 /* ConnectionDiscoveryTests.swift */,
				200000000000000000000016 /* TestSupport.swift */,
			);
			path = Connection;
			sourceTree = "<group>";
		};
		500000000000000000000008 /* OAuthAuthorization */ = {
			isa = PBXGroup;
			children = (
				200000000000000000000031 /* OAuthAuthorizationFeatureTests.swift */,
				200000000000000000000038 /* OAuthAuthorizationLifecycleTests.swift */,
				200000000000000000000090 /* OAuthAuthorizationRetryTests.swift */,
				200000000000000000000039 /* OAuthAuthorizationTransportTests.swift */,
				200000000000000000000040 /* OAuthTokenStoreTests.swift */,
				200000000000000000000041 /* OAuthAuthorizationTestSupport.swift */,
			);
			path = OAuthAuthorization;
			sourceTree = "<group>";
		};
		500000000000000000000009 /* OAuthAuthorization */ = {
			isa = PBXGroup;
			children = (
				200000000000000000000032 /* OAuthAuthorizationModels.swift */,
				200000000000000000000033 /* OAuthAuthorizationFeature.swift */,
				200000000000000000000034 /* OAuthAuthorizationHTTPClient.swift */,
				200000000000000000000035 /* OAuthTokenStore.swift */,
				200000000000000000000036 /* OAuthAuthorizationView.swift */,
				200000000000000000000042 /* OAuthAuthorizationFeatureCommit.swift */,
				200000000000000000000043 /* OAuthAuthorizationFeatureFlow.swift */,
				200000000000000000000080 /* OAuthAuthorizationFeatureDiscard.swift */,
			);
			path = OAuthAuthorization;
			sourceTree = "<group>";
		};
		500000000000000000000010 /* Playback */ = {
			isa = PBXGroup;
			children = (
				200000000000000000000049 /* PlaybackModels.swift */,
				200000000000000000000050 /* NamaPlayer.swift */,
				200000000000000000000054 /* NamaPlayer+EngineMapping.swift */,
				200000000000000000000059 /* NamaPlayer+Loading.swift */,
				200000000000000000000055 /* NamaPlaybackHTTPBridge.swift */,
				200000000000000000000056 /* NamaPlaybackHTTPBridge+Server.swift */,
				200000000000000000000057 /* NamaPlaybackBridgeRequest.swift */,
				200000000000000000000060 /* NamaPlaybackBridgeRequest+URLSession.swift */,
				200000000000000000000058 /* NamaPlaybackBridgeRequest+Playlist.swift */,
				200000000000000000000051 /* NamaPlayerSurface.swift */,
			);
			path = Playback;
			sourceTree = "<group>";
		};
		500000000000000000000011 /* Playback */ = {
			isa = PBXGroup;
			children = (
				200000000000000000000044 /* NamaPlayerTests.swift */,
				200000000000000000000061 /* NamaPlayerSecurityTests.swift */,
				200000000000000000000062 /* NamaPlayerHLSRequestSecurityTests.swift */,
				200000000000000000000063 /* NamaPlayerLifecycleTests.swift */,
				200000000000000000000064 /* NamaPlayerExpiryLifecycleTests.swift */,
				200000000000000000000045 /* PlaybackFixtureServer.swift */,
				500000000000000000000012 /* Fixtures */,
			);
			path = Playback;
			sourceTree = "<group>";
		};
		500000000000000000000012 /* Fixtures */ = {
			isa = PBXGroup;
			children = (
				200000000000000000000046 /* sdr-master.m3u8 */,
				200000000000000000000047 /* sdr-segment.ts */,
				200000000000000000000052 /* track-controls.mkv */,
				200000000000000000000048 /* subtitle.srt */,
			);
			path = Fixtures;
			sourceTree = "<group>";
		};
		500000000000000000000013 /* Home */ = {
			isa = PBXGroup;
			children = (
				200000000000000000000073 /* HomeModels.swift */,
				200000000000000000000074 /* HomeFeature.swift */,
				200000000000000000000037 /* NamaLibraryClient.swift */,
				200000000000000000000077 /* HomeResponseMapping.swift */,
				200000000000000000000078 /* HomeFailureViews.swift */,
				200000000000000000000075 /* HomeView.swift */,
				200000000000000000000076 /* HomePreviewFixtures.swift */,
				200000000000000000000081 /* HomeArtworkHTTPClient.swift */,
				200000000000000000000082 /* HomeArtworkLoader.swift */,
				200000000000000000000083 /* HomeArtworkTypes.swift */,
				200000000000000000000084 /* HomeArtworkWindow.swift */,
				200000000000000000000085 /* NamaLibraryClient+Artwork.swift */,
				200000000000000000000086 /* HomeArtworkView.swift */,
			);
			path = Home;
			sourceTree = "<group>";
		};
		500000000000000000000017 /* Media */ = {
			isa = PBXGroup;
			children = (
				200000000000000000000122 /* MediaModels.swift */,
				200000000000000000000107 /* NamaLibraryClient+MediaMapping.swift */,
			);
			path = Media;
			sourceTree = "<group>";
		};
		500000000000000000000014 /* Home */ = {
			isa = PBXGroup;
			children = (
				200000000000000000000071 /* HomeFeatureTests.swift */,
				200000000000000000000072 /* HomeAdapterTests.swift */,
				200000000000000000000079 /* HomeAdapterTestSupport.swift */,
				200000000000000000000087 /* HomeArtworkTests.swift */,
				200000000000000000000088 /* HomeArtworkLoaderTests.swift */,
				200000000000000000000091 /* HomeArtworkLoaderCacheTests.swift */,
				200000000000000000000089 /* HomeArtworkTestSupport.swift */,
				200000000000000000000113 /* HomeDetailsSelectionTests.swift */,
			);
			path = Home;
			sourceTree = "<group>";
		};
		500000000000000000000015 /* Details */ = {
			isa = PBXGroup;
			children = (
				200000000000000000000106 /* MovieDetailsFeatureTests.swift */,
				200000000000000000000109 /* MediaDetailsKindAdapterTests.swift */,
				200000000000000000000110 /* MediaChildrenAdapterTests.swift */,
				200000000000000000000094 /* MovieDetailsAdapterTests.swift */,
				200000000000000000000112 /* MediaHierarchyFeatureTests.swift */,
				200000000000000000000119 /* MediaPageRecoveryFeatureTests.swift */,
				200000000000000000000120 /* MediaChildArtworkFeatureTests.swift */,
				200000000000000000000100 /* MovieDetailsTestSupport.swift */,
				200000000000000000000114 /* MediaKindProjectionTests.swift */,
				200000000000000000000101 /* MovieDetailsProjectionTests.swift */,
				200000000000000000000102 /* MovieDetailsAdapterTestSupport.swift */,
				200000000000000000000105 /* MovieDetailsArtworkFeatureTests.swift */,
			);
			path = Details;
			sourceTree = "<group>";
		};
		500000000000000000000016 /* Details */ = {
			isa = PBXGroup;
			children = (
				200000000000000000000092 /* MediaDetailsModels.swift */,
				200000000000000000000115 /* MediaDetailsProjection.swift */,
				200000000000000000000093 /* MediaDetailsFeature.swift */,
				200000000000000000000103 /* MediaDetailsFeature+Artwork.swift */,
				200000000000000000000111 /* NamaLibraryClient+MediaChildren.swift */,
				200000000000000000000117 /* MediaDetailsFeature+Children.swift */,
				200000000000000000000095 /* NamaLibraryClient+MediaDetails.swift */,
				200000000000000000000108 /* NamaLibraryClient+MediaDetailsMapping.swift */,
				200000000000000000000096 /* MediaDetailsView.swift */,
				200000000000000000000097 /* MediaDetailsContentView.swift */,
				200000000000000000000098 /* MediaDetailsCreditsView.swift */,
				200000000000000000000121 /* MediaDetailsFeature+ChildArtwork.swift */,
				200000000000000000000116 /* MediaDetailsHierarchyView.swift */,
				200000000000000000000123 /* MediaChildRow.swift */,
				200000000000000000000099 /* MediaDetailsFailureViews.swift */,
				200000000000000000000104 /* MediaDetailsPreviewFixtures.swift */,
				200000000000000000000118 /* MediaHierarchyPreviewFixtures.swift */,
			);
			path = Details;
			sourceTree = "<group>";
		};
		500000000000000000000005 /* Resources */ = {
			isa = PBXGroup;
			children = (
				200000000000000000000014 /* Localizable.xcstrings */,
				200000000000000000000022 /* InfoPlist.xcstrings */,
				200000000000000000000020 /* Info.plist */,
				200000000000000000000015 /* Nama.entitlements */,
				200000000000000000000053 /* Licenses */,
				200000000000000000000030 /* Nama.icon */,
			);
			path = Resources;
			sourceTree = "<group>";
		};
/* End PBXGroup section */

/* Begin PBXNativeTarget section */
		800000000000000000000001 /* Nama */ = {
			isa = PBXNativeTarget;
			buildConfigurationList = A00000000000000000000001 /* Build configuration list for PBXNativeTarget "Nama" */;
			buildPhases = (
				600000000000000000000001 /* Sources */,
				400000000000000000000001 /* Frameworks */,
				600000000000000000000003 /* Resources */,
			);
			buildRules = (
			);
			dependencies = (
			);
			name = Nama;
			packageProductDependencies = (
				900000000000000000000002 /* NamaAPI */,
				900000000000000000000004 /* AetherEngine */,
			);
			productName = Nama;
			productReference = 200000000000000000000003 /* Nama.app */;
			productType = "com.apple.product-type.application";
		};
		800000000000000000000002 /* NamaTests */ = {
			isa = PBXNativeTarget;
			buildConfigurationList = A00000000000000000000002 /* Build configuration list for PBXNativeTarget "NamaTests" */;
			buildPhases = (
				600000000000000000000002 /* Sources */,
				400000000000000000000002 /* Frameworks */,
				600000000000000000000004 /* Resources */,
			);
			buildRules = (
			);
			dependencies = (
				B00000000000000000000001 /* PBXTargetDependency */,
			);
			name = NamaTests;
			productName = NamaTests;
			productReference = 200000000000000000000004 /* NamaTests.xctest */;
			productType = "com.apple.product-type.bundle.unit-test";
		};
/* End PBXNativeTarget section */

/* Begin PBXProject section */
		700000000000000000000001 /* Project object */ = {
			isa = PBXProject;
			attributes = {
				BuildIndependentTargetsInParallel = 1;
				LastSwiftUpdateCheck = 2660;
				LastUpgradeCheck = 2660;
				TargetAttributes = {
					800000000000000000000001 = {
						CreatedOnToolsVersion = 26.6;
					};
					800000000000000000000002 = {
						CreatedOnToolsVersion = 26.6;
						TestTargetID = 800000000000000000000001;
					};
				};
			};
			buildConfigurationList = A00000000000000000000000 /* Build configuration list for PBXProject "Nama" */;
			compatibilityVersion = "Xcode 14.0";
			developmentRegion = en;
			hasScannedForEncodings = 0;
			knownRegions = (
				en,
				Base,
			);
			mainGroup = 500000000000000000000001;
			packageReferences = (
				900000000000000000000001 /* XCLocalSwiftPackageReference "../../gen/swift" */,
				900000000000000000000003 /* XCRemoteSwiftPackageReference "AetherEngine" */,
			);
			productRefGroup = 500000000000000000000004 /* Products */;
			projectDirPath = "";
			projectRoot = "";
			targets = (
				800000000000000000000001 /* Nama */,
				800000000000000000000002 /* NamaTests */,
			);
		};
/* End PBXProject section */

/* Begin PBXResourcesBuildPhase section */
		600000000000000000000003 /* Resources */ = {
			isa = PBXResourcesBuildPhase;
			buildActionMask = 2147483647;
			files = (
				100000000000000000000013 /* Localizable.xcstrings in Resources */,
				100000000000000000000027 /* Nama.icon in Resources */,
				100000000000000000000051 /* Licenses in Resources */,
				100000000000000000000019 /* InfoPlist.xcstrings in Resources */,
			);
			runOnlyForDeploymentPostprocessing = 0;
		};
		600000000000000000000004 /* Resources */ = {
			isa = PBXResourcesBuildPhase;
			buildActionMask = 2147483647;
			files = (
				100000000000000000000043 /* sdr-master.m3u8 in Resources */,
				100000000000000000000044 /* sdr-segment.ts in Resources */,
				100000000000000000000050 /* track-controls.mkv in Resources */,
				100000000000000000000045 /* subtitle.srt in Resources */,
			);
			runOnlyForDeploymentPostprocessing = 0;
		};
/* End PBXResourcesBuildPhase section */

/* Begin PBXSourcesBuildPhase section */
		600000000000000000000001 /* Sources */ = {
			isa = PBXSourcesBuildPhase;
			buildActionMask = 2147483647;
			files = (
				100000000000000000000001 /* NamaApp.swift in Sources */,
				100000000000000000000004 /* Endpoint.swift in Sources */,
				100000000000000000000017 /* Discovery.swift in Sources */,
				100000000000000000000023 /* ConnectionDiscoverySession.swift in Sources */,
				100000000000000000000018 /* DiscoveryView.swift in Sources */,
				100000000000000000000021 /* VerifiedEndpointStore.swift in Sources */,
				100000000000000000000006 /* ConnectionFeature.swift in Sources */,
				100000000000000000000024 /* ConnectionFeatureFlow.swift in Sources */,
				100000000000000000000025 /* ConnectionState.swift in Sources */,
				100000000000000000000026 /* ConnectionVerification.swift in Sources */,
				100000000000000000000008 /* SetupStatusVerifier.swift in Sources */,
				100000000000000000000010 /* ConnectionPresentation.swift in Sources */,
				100000000000000000000011 /* ConnectionView.swift in Sources */,
				100000000000000000000012 /* TVConnectionView.swift in Sources */,
				100000000000000000000029 /* OAuthAuthorizationModels.swift in Sources */,
				100000000000000000000030 /* OAuthAuthorizationFeature.swift in Sources */,
				100000000000000000000031 /* OAuthAuthorizationHTTPClient.swift in Sources */,
				100000000000000000000032 /* OAuthTokenStore.swift in Sources */,
				100000000000000000000033 /* OAuthAuthorizationView.swift in Sources */,
				100000000000000000000034 /* NamaLibraryClient.swift in Sources */,
				100000000000000000000039 /* OAuthAuthorizationFeatureCommit.swift in Sources */,
				100000000000000000000040 /* OAuthAuthorizationFeatureFlow.swift in Sources */,
				100000000000000000000078 /* OAuthAuthorizationFeatureDiscard.swift in Sources */,
				100000000000000000000071 /* HomeModels.swift in Sources */,
				100000000000000000000072 /* HomeFeature.swift in Sources */,
				100000000000000000000073 /* HomeView.swift in Sources */,
				100000000000000000000074 /* HomePreviewFixtures.swift in Sources */,
				100000000000000000000075 /* HomeResponseMapping.swift in Sources */,
				100000000000000000000107 /* NamaLibraryClient+MediaMapping.swift in Sources */,
				100000000000000000000122 /* MediaModels.swift in Sources */,
				100000000000000000000076 /* HomeFailureViews.swift in Sources */,
				100000000000000000000081 /* HomeArtworkHTTPClient.swift in Sources */,
				100000000000000000000082 /* HomeArtworkLoader.swift in Sources */,
				100000000000000000000083 /* HomeArtworkTypes.swift in Sources */,
				100000000000000000000084 /* HomeArtworkWindow.swift in Sources */,
				100000000000000000000085 /* NamaLibraryClient+Artwork.swift in Sources */,
				100000000000000000000086 /* HomeArtworkView.swift in Sources */,
				100000000000000000000092 /* MediaDetailsModels.swift in Sources */,
				100000000000000000000093 /* MediaDetailsFeature.swift in Sources */,
				100000000000000000000115 /* MediaDetailsProjection.swift in Sources */,
				100000000000000000000103 /* MediaDetailsFeature+Artwork.swift in Sources */,
				100000000000000000000108 /* NamaLibraryClient+MediaDetailsMapping.swift in Sources */,
				100000000000000000000095 /* NamaLibraryClient+MediaDetails.swift in Sources */,
				100000000000000000000117 /* MediaDetailsFeature+Children.swift in Sources */,
				100000000000000000000096 /* MediaDetailsView.swift in Sources */,
				100000000000000000000111 /* NamaLibraryClient+MediaChildren.swift in Sources */,
				100000000000000000000097 /* MediaDetailsContentView.swift in Sources */,
				100000000000000000000098 /* MediaDetailsCreditsView.swift in Sources */,
				100000000000000000000099 /* MediaDetailsFailureViews.swift in Sources */,
				100000000000000000000116 /* MediaDetailsHierarchyView.swift in Sources */,
				100000000000000000000123 /* MediaChildRow.swift in Sources */,
				100000000000000000000104 /* MediaDetailsPreviewFixtures.swift in Sources */,
				100000000000000000000118 /* MediaHierarchyPreviewFixtures.swift in Sources */,
				100000000000000000000047 /* PlaybackModels.swift in Sources */,
				100000000000000000000048 /* NamaPlayer.swift in Sources */,
				100000000000000000000052 /* NamaPlayer+EngineMapping.swift in Sources */,
				100000000000000000000057 /* NamaPlayer+Loading.swift in Sources */,
				100000000000000000000053 /* NamaPlaybackHTTPBridge.swift in Sources */,
				100000000000000000000054 /* NamaPlaybackHTTPBridge+Server.swift in Sources */,
				100000000000000000000055 /* NamaPlaybackBridgeRequest.swift in Sources */,
				100000000000000000000056 /* NamaPlaybackBridgeRequest+Playlist.swift in Sources */,
				100000000000000000000058 /* NamaPlaybackBridgeRequest+URLSession.swift in Sources */,
				100000000000000000000049 /* NamaPlayerSurface.swift in Sources */,
				100000000000000000000121 /* MediaDetailsFeature+ChildArtwork.swift in Sources */,
			);
			runOnlyForDeploymentPostprocessing = 0;
		};
		600000000000000000000002 /* Sources */ = {
			isa = PBXSourcesBuildPhase;
			buildActionMask = 2147483647;
			files = (
				100000000000000000000002 /* EndpointTests.swift in Sources */,
				100000000000000000000020 /* VerifiedEndpointStoreTests.swift in Sources */,
				100000000000000000000005 /* ConnectionFeatureTests.swift in Sources */,
				100000000000000000000022 /* ConnectionRecoveryTests.swift in Sources */,
				100000000000000000000007 /* SetupStatusVerifierTests.swift in Sources */,
				100000000000000000000009 /* ConnectionPresentationTests.swift in Sources */,
				100000000000000000000015 /* DiscoveryTests.swift in Sources */,
				100000000000000000000016 /* ConnectionDiscoveryTests.swift in Sources */,
				100000000000000000000014 /* TestSupport.swift in Sources */,
				100000000000000000000028 /* OAuthAuthorizationFeatureTests.swift in Sources */,
				100000000000000000000035 /* OAuthAuthorizationLifecycleTests.swift in Sources */,
				100000000000000000000090 /* OAuthAuthorizationRetryTests.swift in Sources */,
				100000000000000000000036 /* OAuthAuthorizationTransportTests.swift in Sources */,
				100000000000000000000037 /* OAuthTokenStoreTests.swift in Sources */,
				100000000000000000000038 /* OAuthAuthorizationTestSupport.swift in Sources */,
				100000000000000000000069 /* HomeFeatureTests.swift in Sources */,
				100000000000000000000070 /* HomeAdapterTests.swift in Sources */,
				100000000000000000000077 /* HomeAdapterTestSupport.swift in Sources */,
				100000000000000000000087 /* HomeArtworkTests.swift in Sources */,
				100000000000000000000088 /* HomeArtworkLoaderTests.swift in Sources */,
				100000000000000000000091 /* HomeArtworkLoaderCacheTests.swift in Sources */,
				100000000000000000000089 /* HomeArtworkTestSupport.swift in Sources */,
				100000000000000000000113 /* HomeDetailsSelectionTests.swift in Sources */,
				100000000000000000000106 /* MovieDetailsFeatureTests.swift in Sources */,
				100000000000000000000094 /* MovieDetailsAdapterTests.swift in Sources */,
				100000000000000000000100 /* MovieDetailsTestSupport.swift in Sources */,
				100000000000000000000109 /* MediaDetailsKindAdapterTests.swift in Sources */,
				100000000000000000000110 /* MediaChildrenAdapterTests.swift in Sources */,
				100000000000000000000112 /* MediaHierarchyFeatureTests.swift in Sources */,
				100000000000000000000101 /* MovieDetailsProjectionTests.swift in Sources */,
				100000000000000000000102 /* MovieDetailsAdapterTestSupport.swift in Sources */,
				100000000000000000000114 /* MediaKindProjectionTests.swift in Sources */,
				100000000000000000000105 /* MovieDetailsArtworkFeatureTests.swift in Sources */,
				100000000000000000000119 /* MediaPageRecoveryFeatureTests.swift in Sources */,
				100000000000000000000120 /* MediaChildArtworkFeatureTests.swift in Sources */,
				100000000000000000000041 /* NamaPlayerTests.swift in Sources */,
				100000000000000000000059 /* NamaPlayerSecurityTests.swift in Sources */,
				100000000000000000000060 /* NamaPlayerHLSRequestSecurityTests.swift in Sources */,
				100000000000000000000061 /* NamaPlayerLifecycleTests.swift in Sources */,
				100000000000000000000062 /* NamaPlayerExpiryLifecycleTests.swift in Sources */,
				100000000000000000000042 /* PlaybackFixtureServer.swift in Sources */,
			);
			runOnlyForDeploymentPostprocessing = 0;
		};
/* End PBXSourcesBuildPhase section */

/* Begin PBXTargetDependency section */
		B00000000000000000000001 /* PBXTargetDependency */ = {
			isa = PBXTargetDependency;
			target = 800000000000000000000001 /* Nama */;
			targetProxy = 300000000000000000000001 /* PBXContainerItemProxy */;
		};
/* End PBXTargetDependency section */

/* Begin XCBuildConfiguration section */
		C00000000000000000000001 /* Debug */ = {
			isa = XCBuildConfiguration;
			buildSettings = {
				ALWAYS_SEARCH_USER_PATHS = NO;
				CLANG_ENABLE_MODULES = YES;
				CLANG_ENABLE_OBJC_ARC = YES;
				CLANG_WARN_DOCUMENTATION_COMMENTS = YES;
				CLANG_WARN_QUOTED_INCLUDE_IN_FRAMEWORK_HEADER = YES;
				COPY_PHASE_STRIP = NO;
				DEBUG_INFORMATION_FORMAT = dwarf;
				ENABLE_TESTABILITY = YES;
				ENABLE_USER_SCRIPT_SANDBOXING = YES;
				GCC_C_LANGUAGE_STANDARD = gnu17;
				GCC_NO_COMMON_BLOCKS = YES;
				GCC_OPTIMIZATION_LEVEL = 0;
				MTL_ENABLE_DEBUG_INFO = INCLUDE_SOURCE;
				ONLY_ACTIVE_ARCH = YES;
				SWIFT_ACTIVE_COMPILATION_CONDITIONS = "DEBUG $(inherited)";
				SWIFT_OPTIMIZATION_LEVEL = "-Onone";
			};
			name = Debug;
		};
		C00000000000000000000002 /* Release */ = {
			isa = XCBuildConfiguration;
			buildSettings = {
				ALWAYS_SEARCH_USER_PATHS = NO;
				CLANG_ENABLE_MODULES = YES;
				CLANG_ENABLE_OBJC_ARC = YES;
				CLANG_WARN_DOCUMENTATION_COMMENTS = YES;
				CLANG_WARN_QUOTED_INCLUDE_IN_FRAMEWORK_HEADER = YES;
				COPY_PHASE_STRIP = NO;
				DEBUG_INFORMATION_FORMAT = "dwarf-with-dsym";
				ENABLE_NS_ASSERTIONS = NO;
				ENABLE_USER_SCRIPT_SANDBOXING = YES;
				GCC_C_LANGUAGE_STANDARD = gnu17;
				GCC_NO_COMMON_BLOCKS = YES;
				MTL_ENABLE_DEBUG_INFO = NO;
				SWIFT_COMPILATION_MODE = wholemodule;
				VALIDATE_PRODUCT = YES;
			};
			name = Release;
		};
		C00000000000000000000003 /* Debug */ = {
			isa = XCBuildConfiguration;
			buildSettings = {
				CODE_SIGN_ENTITLEMENTS = "";
				"CODE_SIGN_ENTITLEMENTS[sdk=macosx*]" = Nama/Resources/Nama.entitlements;
				CODE_SIGN_STYLE = Automatic;
				CURRENT_PROJECT_VERSION = 1;
				"ASSETCATALOG_COMPILER_APPICON_NAME[sdk=iphone*]" = Nama;
				"ASSETCATALOG_COMPILER_APPICON_NAME[sdk=macosx*]" = Nama;
				ENABLE_APP_SANDBOX = YES;
				ENABLE_HARDENED_RUNTIME = YES;
				GENERATE_INFOPLIST_FILE = YES;
				INFOPLIST_KEY_CFBundleDisplayName = Nama;
				INFOPLIST_FILE = Nama/Resources/Info.plist;
				INFOPLIST_KEY_LSApplicationCategoryType = "public.app-category.entertainment";
				INFOPLIST_KEY_UIApplicationSceneManifest_Generation = YES;
				INFOPLIST_KEY_UIApplicationSupportsIndirectInputEvents = YES;
				INFOPLIST_KEY_UILaunchScreen_Generation = YES;
				"INFOPLIST_KEY_UISupportedInterfaceOrientations[sdk=iphoneos*]" = "UIInterfaceOrientationPortrait UIInterfaceOrientationPortraitUpsideDown UIInterfaceOrientationLandscapeLeft UIInterfaceOrientationLandscapeRight";
				"INFOPLIST_KEY_UISupportedInterfaceOrientations[sdk=iphonesimulator*]" = "UIInterfaceOrientationPortrait UIInterfaceOrientationPortraitUpsideDown UIInterfaceOrientationLandscapeLeft UIInterfaceOrientationLandscapeRight";
				IPHONEOS_DEPLOYMENT_TARGET = 26.0;
				LD_RUNPATH_SEARCH_PATHS = "$(inherited) @executable_path/Frameworks";
				"LD_RUNPATH_SEARCH_PATHS[sdk=macosx*]" = "$(inherited) @executable_path/../Frameworks";
				LOCALIZATION_PREFERS_STRING_CATALOGS = YES;
				MACOSX_DEPLOYMENT_TARGET = 26.0;
				MARKETING_VERSION = 0.1.0;
				PRODUCT_BUNDLE_IDENTIFIER = com.electather.nama;
				PRODUCT_NAME = "$(TARGET_NAME)";
				SDKROOT = auto;
				SUPPORTED_PLATFORMS = "appletvos appletvsimulator iphoneos iphonesimulator macosx";
				SWIFT_DEFAULT_ACTOR_ISOLATION = MainActor;
				SWIFT_EMIT_LOC_STRINGS = YES;
				SWIFT_STRICT_CONCURRENCY = complete;
				SWIFT_VERSION = 6.0;
				TARGETED_DEVICE_FAMILY = "1,2,3";
				TVOS_DEPLOYMENT_TARGET = 26.0;
			};
			name = Debug;
		};
		C00000000000000000000004 /* Release */ = {
			isa = XCBuildConfiguration;
			buildSettings = {
				CODE_SIGN_ENTITLEMENTS = "";
				"CODE_SIGN_ENTITLEMENTS[sdk=macosx*]" = Nama/Resources/Nama.entitlements;
				CODE_SIGN_STYLE = Automatic;
				CURRENT_PROJECT_VERSION = 1;
				"ASSETCATALOG_COMPILER_APPICON_NAME[sdk=iphone*]" = Nama;
				"ASSETCATALOG_COMPILER_APPICON_NAME[sdk=macosx*]" = Nama;
				ENABLE_APP_SANDBOX = YES;
				ENABLE_HARDENED_RUNTIME = YES;
				GENERATE_INFOPLIST_FILE = YES;
				INFOPLIST_KEY_CFBundleDisplayName = Nama;
				INFOPLIST_FILE = Nama/Resources/Info.plist;
				INFOPLIST_KEY_LSApplicationCategoryType = "public.app-category.entertainment";
				INFOPLIST_KEY_UIApplicationSceneManifest_Generation = YES;
				INFOPLIST_KEY_UIApplicationSupportsIndirectInputEvents = YES;
				INFOPLIST_KEY_UILaunchScreen_Generation = YES;
				"INFOPLIST_KEY_UISupportedInterfaceOrientations[sdk=iphoneos*]" = "UIInterfaceOrientationPortrait UIInterfaceOrientationPortraitUpsideDown UIInterfaceOrientationLandscapeLeft UIInterfaceOrientationLandscapeRight";
				"INFOPLIST_KEY_UISupportedInterfaceOrientations[sdk=iphonesimulator*]" = "UIInterfaceOrientationPortrait UIInterfaceOrientationPortraitUpsideDown UIInterfaceOrientationLandscapeLeft UIInterfaceOrientationLandscapeRight";
				IPHONEOS_DEPLOYMENT_TARGET = 26.0;
				LD_RUNPATH_SEARCH_PATHS = "$(inherited) @executable_path/Frameworks";
				"LD_RUNPATH_SEARCH_PATHS[sdk=macosx*]" = "$(inherited) @executable_path/../Frameworks";
				LOCALIZATION_PREFERS_STRING_CATALOGS = YES;
				MACOSX_DEPLOYMENT_TARGET = 26.0;
				MARKETING_VERSION = 0.1.0;
				PRODUCT_BUNDLE_IDENTIFIER = com.electather.nama;
				PRODUCT_NAME = "$(TARGET_NAME)";
				SDKROOT = auto;
				SUPPORTED_PLATFORMS = "appletvos appletvsimulator iphoneos iphonesimulator macosx";
				SWIFT_DEFAULT_ACTOR_ISOLATION = MainActor;
				SWIFT_EMIT_LOC_STRINGS = YES;
				SWIFT_STRICT_CONCURRENCY = complete;
				SWIFT_VERSION = 6.0;
				TARGETED_DEVICE_FAMILY = "1,2,3";
				TVOS_DEPLOYMENT_TARGET = 26.0;
			};
			name = Release;
		};
		C00000000000000000000005 /* Debug */ = {
			isa = XCBuildConfiguration;
			buildSettings = {
				BUNDLE_LOADER = "$(TEST_HOST)";
				CODE_SIGN_STYLE = Automatic;
				GENERATE_INFOPLIST_FILE = YES;
				IPHONEOS_DEPLOYMENT_TARGET = 26.0;
				MACOSX_DEPLOYMENT_TARGET = 26.0;
				PRODUCT_BUNDLE_IDENTIFIER = com.electather.nama.tests;
				PRODUCT_NAME = "$(TARGET_NAME)";
				SDKROOT = auto;
				SUPPORTED_PLATFORMS = "appletvos appletvsimulator iphoneos iphonesimulator macosx";
				SWIFT_DEFAULT_ACTOR_ISOLATION = MainActor;
				SWIFT_STRICT_CONCURRENCY = complete;
				SWIFT_VERSION = 6.0;
				TARGETED_DEVICE_FAMILY = "1,2,3";
				TEST_HOST = "$(BUILT_PRODUCTS_DIR)/Nama.app/$(BUNDLE_EXECUTABLE_FOLDER_PATH)/Nama";
				TVOS_DEPLOYMENT_TARGET = 26.0;
			};
			name = Debug;
		};
		C00000000000000000000006 /* Release */ = {
			isa = XCBuildConfiguration;
			buildSettings = {
				BUNDLE_LOADER = "$(TEST_HOST)";
				CODE_SIGN_STYLE = Automatic;
				GENERATE_INFOPLIST_FILE = YES;
				IPHONEOS_DEPLOYMENT_TARGET = 26.0;
				MACOSX_DEPLOYMENT_TARGET = 26.0;
				PRODUCT_BUNDLE_IDENTIFIER = com.electather.nama.tests;
				PRODUCT_NAME = "$(TARGET_NAME)";
				SDKROOT = auto;
				SUPPORTED_PLATFORMS = "appletvos appletvsimulator iphoneos iphonesimulator macosx";
				SWIFT_DEFAULT_ACTOR_ISOLATION = MainActor;
				SWIFT_STRICT_CONCURRENCY = complete;
				SWIFT_VERSION = 6.0;
				TARGETED_DEVICE_FAMILY = "1,2,3";
				TEST_HOST = "$(BUILT_PRODUCTS_DIR)/Nama.app/$(BUNDLE_EXECUTABLE_FOLDER_PATH)/Nama";
				TVOS_DEPLOYMENT_TARGET = 26.0;
			};
			name = Release;
		};
/* End XCBuildConfiguration section */

/* Begin XCConfigurationList section */
		A00000000000000000000000 /* Build configuration list for PBXProject "Nama" */ = {
			isa = XCConfigurationList;
			buildConfigurations = (
				C00000000000000000000001 /* Debug */,
				C00000000000000000000002 /* Release */,
			);
			defaultConfigurationIsVisible = 0;
			defaultConfigurationName = Release;
		};
		A00000000000000000000001 /* Build configuration list for PBXNativeTarget "Nama" */ = {
			isa = XCConfigurationList;
			buildConfigurations = (
				C00000000000000000000003 /* Debug */,
				C00000000000000000000004 /* Release */,
			);
			defaultConfigurationIsVisible = 0;
			defaultConfigurationName = Release;
		};
		A00000000000000000000002 /* Build configuration list for PBXNativeTarget "NamaTests" */ = {
			isa = XCConfigurationList;
			buildConfigurations = (
				C00000000000000000000005 /* Debug */,
				C00000000000000000000006 /* Release */,
			);
			defaultConfigurationIsVisible = 0;
			defaultConfigurationName = Release;
		};
/* End XCConfigurationList section */

/* Begin XCLocalSwiftPackageReference section */
		900000000000000000000001 /* XCLocalSwiftPackageReference "../../gen/swift" */ = {
			isa = XCLocalSwiftPackageReference;
			relativePath = ../../gen/swift;
		};
/* End XCLocalSwiftPackageReference section */

/* Begin XCRemoteSwiftPackageReference section */
		900000000000000000000003 /* XCRemoteSwiftPackageReference "AetherEngine" */ = {
			isa = XCRemoteSwiftPackageReference;
			repositoryURL = "https://github.com/superuser404notfound/AetherEngine";
			requirement = {
				kind = exactVersion;
				version = 6.21.0;
			};
		};
/* End XCRemoteSwiftPackageReference section */

/* Begin XCSwiftPackageProductDependency section */
		900000000000000000000002 /* NamaAPI */ = {
			isa = XCSwiftPackageProductDependency;
			package = 900000000000000000000001 /* XCLocalSwiftPackageReference "../../gen/swift" */;
			productName = NamaAPI;
		};
		900000000000000000000004 /* AetherEngine */ = {
			isa = XCSwiftPackageProductDependency;
			package = 900000000000000000000003 /* XCRemoteSwiftPackageReference "AetherEngine" */;
			productName = AetherEngine;
		};
/* End XCSwiftPackageProductDependency section */
	};
	rootObject = 700000000000000000000001 /* Project object */;
}
