// !$*UTF8*$!
{
	archiveVersion = 1;
	classes = {
	};
	objectVersion = 77;
	objects = {

/* Begin PBXBuildFile section */
		A1A1A1A1A1A1A1A1A1A1A113 /* NamaApp.swift in Sources */ = {isa = PBXBuildFile; fileRef = A1A1A1A1A1A1A1A1A1A1A104 /* NamaApp.swift */; };
		A1A1A1A1A1A1A1A1A1A1A114 /* NamaAPI in Frameworks */ = {isa = PBXBuildFile; productRef = A1A1A1A1A1A1A1A1A1A1A112 /* NamaAPI */; };
		A1A1A1A1A1A1A1A1A1A1A201 /* PlaybackModels.swift in Sources */ = {isa = PBXBuildFile; fileRef = A1A1A1A1A1A1A1A1A1A1A202 /* PlaybackModels.swift */; };
		A1A1A1A1A1A1A1A1A1A1A203 /* AetherPlaybackMapping.swift in Sources */ = {isa = PBXBuildFile; fileRef = A1A1A1A1A1A1A1A1A1A1A204 /* AetherPlaybackMapping.swift */; };
		A1A1A1A1A1A1A1A1A1A1A205 /* AetherEngine in Frameworks */ = {isa = PBXBuildFile; productRef = A1A1A1A1A1A1A1A1A1A1A206 /* AetherEngine */; };
		A1A1A1A1A1A1A1A1A1A1A207 /* PlaybackEngineIntegrationTests.swift in Sources */ = {isa = PBXBuildFile; fileRef = A1A1A1A1A1A1A1A1A1A1A208 /* PlaybackEngineIntegrationTests.swift */; };
		A1A1A1A1A1A1A1A1A1A1A209 /* AetherEngine in Frameworks */ = {isa = PBXBuildFile; productRef = A1A1A1A1A1A1A1A1A1A1A218 /* AetherEngine */; };
		A1A1A1A1A1A1A1A1A1A1A219 /* NamaPlayer.swift in Sources */ = {isa = PBXBuildFile; fileRef = A1A1A1A1A1A1A1A1A1A1A21A /* NamaPlayer.swift */; };
		A1A1A1A1A1A1A1A1A1A1A21B /* NamaPlayerSurface.swift in Sources */ = {isa = PBXBuildFile; fileRef = A1A1A1A1A1A1A1A1A1A1A21C /* NamaPlayerSurface.swift */; };
		A1A1A1A1A1A1A1A1A1A1A21D /* PlayerScreen.swift in Sources */ = {isa = PBXBuildFile; fileRef = A1A1A1A1A1A1A1A1A1A1A21E /* PlayerScreen.swift */; };
		A1A1A1A1A1A1A1A1A1A1A21F /* PlaybackLifecycleTests.swift in Sources */ = {isa = PBXBuildFile; fileRef = A1A1A1A1A1A1A1A1A1A1A220 /* PlaybackLifecycleTests.swift */; };
/* End PBXBuildFile section */

/* Begin PBXContainerItemProxy section */
		A1A1A1A1A1A1A1A1A1A1A20A /* PBXContainerItemProxy */ = {
			isa = PBXContainerItemProxy;
			containerPortal = A1A1A1A1A1A1A1A1A1A1A101 /* Project object */;
			proxyType = 1;
			remoteGlobalIDString = A1A1A1A1A1A1A1A1A1A1A102;
			remoteInfo = Nama;
		};
/* End PBXContainerItemProxy section */

/* Begin PBXFileReference section */
		A1A1A1A1A1A1A1A1A1A1A103 /* Nama.app */ = {isa = PBXFileReference; explicitFileType = wrapper.application; includeInIndex = 0; path = Nama.app; sourceTree = BUILT_PRODUCTS_DIR; };
		A1A1A1A1A1A1A1A1A1A1A104 /* NamaApp.swift */ = {isa = PBXFileReference; lastKnownFileType = sourcecode.swift; path = NamaApp.swift; sourceTree = "<group>"; };
		A1A1A1A1A1A1A1A1A1A1A217 /* Debug-Info.plist */ = {isa = PBXFileReference; lastKnownFileType = text.plist.xml; path = "Debug-Info.plist"; sourceTree = "<group>"; };
		A1A1A1A1A1A1A1A1A1A1A202 /* PlaybackModels.swift */ = {isa = PBXFileReference; lastKnownFileType = sourcecode.swift; path = PlaybackModels.swift; sourceTree = "<group>"; };
		A1A1A1A1A1A1A1A1A1A1A204 /* AetherPlaybackMapping.swift */ = {isa = PBXFileReference; lastKnownFileType = sourcecode.swift; path = AetherPlaybackMapping.swift; sourceTree = "<group>"; };
		A1A1A1A1A1A1A1A1A1A1A208 /* PlaybackEngineIntegrationTests.swift */ = {isa = PBXFileReference; lastKnownFileType = sourcecode.swift; path = PlaybackEngineIntegrationTests.swift; sourceTree = "<group>"; };
		A1A1A1A1A1A1A1A1A1A1A20B /* NamaTests.xctest */ = {isa = PBXFileReference; explicitFileType = wrapper.cfbundle; includeInIndex = 0; path = NamaTests.xctest; sourceTree = BUILT_PRODUCTS_DIR; };
		A1A1A1A1A1A1A1A1A1A1A21A /* NamaPlayer.swift */ = {isa = PBXFileReference; lastKnownFileType = sourcecode.swift; path = NamaPlayer.swift; sourceTree = "<group>"; };
		A1A1A1A1A1A1A1A1A1A1A21C /* NamaPlayerSurface.swift */ = {isa = PBXFileReference; lastKnownFileType = sourcecode.swift; path = NamaPlayerSurface.swift; sourceTree = "<group>"; };
		A1A1A1A1A1A1A1A1A1A1A21E /* PlayerScreen.swift */ = {isa = PBXFileReference; lastKnownFileType = sourcecode.swift; path = PlayerScreen.swift; sourceTree = "<group>"; };
		A1A1A1A1A1A1A1A1A1A1A220 /* PlaybackLifecycleTests.swift */ = {isa = PBXFileReference; lastKnownFileType = sourcecode.swift; path = PlaybackLifecycleTests.swift; sourceTree = "<group>"; };
/* End PBXFileReference section */

/* Begin PBXFrameworksBuildPhase section */
		A1A1A1A1A1A1A1A1A1A1A106 /* Frameworks */ = {
			isa = PBXFrameworksBuildPhase;
			buildActionMask = 2147483647;
			files = (
				A1A1A1A1A1A1A1A1A1A1A205 /* AetherEngine in Frameworks */,
				A1A1A1A1A1A1A1A1A1A1A114 /* NamaAPI in Frameworks */,
			);
			runOnlyForDeploymentPostprocessing = 0;
		};
		A1A1A1A1A1A1A1A1A1A1A20C /* Frameworks */ = {
			isa = PBXFrameworksBuildPhase;
			buildActionMask = 2147483647;
			files = (
				A1A1A1A1A1A1A1A1A1A1A209 /* AetherEngine in Frameworks */,
			);
			runOnlyForDeploymentPostprocessing = 0;
		};
/* End PBXFrameworksBuildPhase section */

/* Begin PBXGroup section */
		A1A1A1A1A1A1A1A1A1A1A108 = {
			isa = PBXGroup;
			children = (
				A1A1A1A1A1A1A1A1A1A1A110 /* Nama */,
				A1A1A1A1A1A1A1A1A1A1A20D /* NamaTests */,
				A1A1A1A1A1A1A1A1A1A1A109 /* Products */,
			);
			sourceTree = "<group>";
		};
		A1A1A1A1A1A1A1A1A1A1A109 /* Products */ = {
			isa = PBXGroup;
			children = (
				A1A1A1A1A1A1A1A1A1A1A103 /* Nama.app */,
				A1A1A1A1A1A1A1A1A1A1A20B /* NamaTests.xctest */,
			);
			name = Products;
			sourceTree = "<group>";
		};
		A1A1A1A1A1A1A1A1A1A1A110 /* Nama */ = {
			isa = PBXGroup;
			children = (
				A1A1A1A1A1A1A1A1A1A1A217 /* Debug-Info.plist */,
				A1A1A1A1A1A1A1A1A1A1A104 /* NamaApp.swift */,
				A1A1A1A1A1A1A1A1A1A1A20E /* Playback */,
			);
			path = Nama;
			sourceTree = "<group>";
		};
		A1A1A1A1A1A1A1A1A1A1A20D /* NamaTests */ = {
			isa = PBXGroup;
			children = (
				A1A1A1A1A1A1A1A1A1A1A220 /* PlaybackLifecycleTests.swift */,
				A1A1A1A1A1A1A1A1A1A1A208 /* PlaybackEngineIntegrationTests.swift */,
			);
			path = NamaTests;
			sourceTree = "<group>";
		};
		A1A1A1A1A1A1A1A1A1A1A20E /* Playback */ = {
			isa = PBXGroup;
			children = (
				A1A1A1A1A1A1A1A1A1A1A202 /* PlaybackModels.swift */,
				A1A1A1A1A1A1A1A1A1A1A204 /* AetherPlaybackMapping.swift */,
				A1A1A1A1A1A1A1A1A1A1A21A /* NamaPlayer.swift */,
				A1A1A1A1A1A1A1A1A1A1A21C /* NamaPlayerSurface.swift */,
				A1A1A1A1A1A1A1A1A1A1A21E /* PlayerScreen.swift */,
			);
			path = Playback;
			sourceTree = "<group>";
		};
/* End PBXGroup section */

/* Begin PBXNativeTarget section */
		A1A1A1A1A1A1A1A1A1A1A102 /* Nama */ = {
			isa = PBXNativeTarget;
			buildConfigurationList = A1A1A1A1A1A1A1A1A1A1A10C /* Build configuration list for PBXNativeTarget "Nama" */;
			buildPhases = (
				A1A1A1A1A1A1A1A1A1A1A105 /* Sources */,
				A1A1A1A1A1A1A1A1A1A1A106 /* Frameworks */,
				A1A1A1A1A1A1A1A1A1A1A107 /* Resources */,
			);
			buildRules = (
			);
			dependencies = (
			);
			name = Nama;
			packageProductDependencies = (
				A1A1A1A1A1A1A1A1A1A1A112 /* NamaAPI */,
				A1A1A1A1A1A1A1A1A1A1A206 /* AetherEngine */,
			);
			productName = Nama;
			productReference = A1A1A1A1A1A1A1A1A1A1A103 /* Nama.app */;
			productType = "com.apple.product-type.application";
		};
		A1A1A1A1A1A1A1A1A1A1A20F /* NamaTests */ = {
			isa = PBXNativeTarget;
			buildConfigurationList = A1A1A1A1A1A1A1A1A1A1A210 /* Build configuration list for PBXNativeTarget "NamaTests" */;
			buildPhases = (
				A1A1A1A1A1A1A1A1A1A1A211 /* Sources */,
				A1A1A1A1A1A1A1A1A1A1A20C /* Frameworks */,
				A1A1A1A1A1A1A1A1A1A1A212 /* Resources */,
			);
			buildRules = (
			);
			dependencies = (
				A1A1A1A1A1A1A1A1A1A1A213 /* PBXTargetDependency */,
			);
			name = NamaTests;
			packageProductDependencies = (
				A1A1A1A1A1A1A1A1A1A1A218 /* AetherEngine */,
			);
			productName = NamaTests;
			productReference = A1A1A1A1A1A1A1A1A1A1A20B /* NamaTests.xctest */;
			productType = "com.apple.product-type.bundle.unit-test";
		};
/* End PBXNativeTarget section */

/* Begin PBXProject section */
		A1A1A1A1A1A1A1A1A1A1A101 /* Project object */ = {
			isa = PBXProject;
			attributes = {
				BuildIndependentTargetsInParallel = 1;
				LastSwiftUpdateCheck = 2660;
				LastUpgradeCheck = 2660;
				TargetAttributes = {
					A1A1A1A1A1A1A1A1A1A1A102 = {
						CreatedOnToolsVersion = 26.6;
					};
					A1A1A1A1A1A1A1A1A1A1A20F = {
						CreatedOnToolsVersion = 26.6;
						TestTargetID = A1A1A1A1A1A1A1A1A1A1A102;
					};
				};
			};
			buildConfigurationList = A1A1A1A1A1A1A1A1A1A1A10B /* Build configuration list for PBXProject "Nama" */;
			compatibilityVersion = "Xcode 16.0";
			developmentRegion = en;
			hasScannedForEncodings = 0;
			knownRegions = (
				en,
				Base,
			);
			mainGroup = A1A1A1A1A1A1A1A1A1A1A108;
			packageReferences = (
				A1A1A1A1A1A1A1A1A1A1A111 /* XCLocalSwiftPackageReference "../../gen/swift" */,
				A1A1A1A1A1A1A1A1A1A1A214 /* XCRemoteSwiftPackageReference "AetherEngine" */,
			);
			preferredProjectObjectVersion = 77;
			productRefGroup = A1A1A1A1A1A1A1A1A1A1A109 /* Products */;
			projectDirPath = "";
			projectRoot = "";
			targets = (
				A1A1A1A1A1A1A1A1A1A1A102 /* Nama */,
				A1A1A1A1A1A1A1A1A1A1A20F /* NamaTests */,
			);
		};
/* End PBXProject section */

/* Begin PBXResourcesBuildPhase section */
		A1A1A1A1A1A1A1A1A1A1A107 /* Resources */ = {
			isa = PBXResourcesBuildPhase;
			buildActionMask = 2147483647;
			files = (
			);
			runOnlyForDeploymentPostprocessing = 0;
		};
		A1A1A1A1A1A1A1A1A1A1A212 /* Resources */ = {
			isa = PBXResourcesBuildPhase;
			buildActionMask = 2147483647;
			files = (
			);
			runOnlyForDeploymentPostprocessing = 0;
		};
/* End PBXResourcesBuildPhase section */

/* Begin PBXSourcesBuildPhase section */
		A1A1A1A1A1A1A1A1A1A1A105 /* Sources */ = {
			isa = PBXSourcesBuildPhase;
			buildActionMask = 2147483647;
			files = (
				A1A1A1A1A1A1A1A1A1A1A203 /* AetherPlaybackMapping.swift in Sources */,
				A1A1A1A1A1A1A1A1A1A1A219 /* NamaPlayer.swift in Sources */,
				A1A1A1A1A1A1A1A1A1A1A21B /* NamaPlayerSurface.swift in Sources */,
				A1A1A1A1A1A1A1A1A1A1A21D /* PlayerScreen.swift in Sources */,
				A1A1A1A1A1A1A1A1A1A1A113 /* NamaApp.swift in Sources */,
				A1A1A1A1A1A1A1A1A1A1A201 /* PlaybackModels.swift in Sources */,
			);
			runOnlyForDeploymentPostprocessing = 0;
		};
		A1A1A1A1A1A1A1A1A1A1A211 /* Sources */ = {
			isa = PBXSourcesBuildPhase;
			buildActionMask = 2147483647;
			files = (
				A1A1A1A1A1A1A1A1A1A1A21F /* PlaybackLifecycleTests.swift in Sources */,
				A1A1A1A1A1A1A1A1A1A1A207 /* PlaybackEngineIntegrationTests.swift in Sources */,
			);
			runOnlyForDeploymentPostprocessing = 0;
		};
/* End PBXSourcesBuildPhase section */

/* Begin PBXTargetDependency section */
		A1A1A1A1A1A1A1A1A1A1A213 /* PBXTargetDependency */ = {
			isa = PBXTargetDependency;
			target = A1A1A1A1A1A1A1A1A1A1A102 /* Nama */;
			targetProxy = A1A1A1A1A1A1A1A1A1A1A20A /* PBXContainerItemProxy */;
		};
/* End PBXTargetDependency section */

/* Begin XCBuildConfiguration section */
		A1A1A1A1A1A1A1A1A1A1A10D /* Debug */ = {
			isa = XCBuildConfiguration;
			buildSettings = {
				ALWAYS_SEARCH_USER_PATHS = NO;
				CLANG_ENABLE_MODULES = YES;
				ENABLE_STRICT_OBJC_MSGSEND = YES;
				GCC_C_LANGUAGE_STANDARD = gnu17;
				SDKROOT = appletvos;
				SWIFT_ACTIVE_COMPILATION_CONDITIONS = "DEBUG $(inherited)";
				SWIFT_OPTIMIZATION_LEVEL = "-Onone";
				SWIFT_VERSION = 6.0;
			};
			name = Debug;
		};
		A1A1A1A1A1A1A1A1A1A1A10E /* Release */ = {
			isa = XCBuildConfiguration;
			buildSettings = {
				ALWAYS_SEARCH_USER_PATHS = NO;
				CLANG_ENABLE_MODULES = YES;
				ENABLE_STRICT_OBJC_MSGSEND = YES;
				GCC_C_LANGUAGE_STANDARD = gnu17;
				SDKROOT = appletvos;
				SWIFT_COMPILATION_MODE = wholemodule;
				SWIFT_VERSION = 6.0;
			};
			name = Release;
		};
		A1A1A1A1A1A1A1A1A1A1A10F /* Debug */ = {
			isa = XCBuildConfiguration;
			buildSettings = {
				CURRENT_PROJECT_VERSION = 1;
				GENERATE_INFOPLIST_FILE = NO;
				INFOPLIST_FILE = "Nama/Debug-Info.plist";
				MARKETING_VERSION = 0.1.0;
				PRODUCT_BUNDLE_IDENTIFIER = com.electather.nama;
				PRODUCT_NAME = "$(TARGET_NAME)";
				SDKROOT = appletvos;
				SUPPORTED_PLATFORMS = "appletvos appletvsimulator";
				SWIFT_VERSION = 6.0;
				TARGETED_DEVICE_FAMILY = 3;
				TVOS_DEPLOYMENT_TARGET = 17.0;
			};
			name = Debug;
		};
		A1A1A1A1A1A1A1A1A1A1A120 /* Release */ = {
			isa = XCBuildConfiguration;
			buildSettings = {
				CURRENT_PROJECT_VERSION = 1;
				GENERATE_INFOPLIST_FILE = YES;
				MARKETING_VERSION = 0.1.0;
				PRODUCT_BUNDLE_IDENTIFIER = com.electather.nama;
				PRODUCT_NAME = "$(TARGET_NAME)";
				SDKROOT = appletvos;
				SUPPORTED_PLATFORMS = "appletvos appletvsimulator";
				SWIFT_VERSION = 6.0;
				TARGETED_DEVICE_FAMILY = 3;
				TVOS_DEPLOYMENT_TARGET = 17.0;
			};
			name = Release;
		};
		A1A1A1A1A1A1A1A1A1A1A215 /* Debug */ = {
			isa = XCBuildConfiguration;
			buildSettings = {
				BUNDLE_LOADER = "$(TEST_HOST)";
				GENERATE_INFOPLIST_FILE = YES;
				PRODUCT_BUNDLE_IDENTIFIER = com.electather.nama.tests;
				PRODUCT_NAME = "$(TARGET_NAME)";
				SDKROOT = appletvos;
				SUPPORTED_PLATFORMS = "appletvos appletvsimulator";
				SWIFT_VERSION = 6.0;
				TARGETED_DEVICE_FAMILY = 3;
				TEST_HOST = "$(BUILT_PRODUCTS_DIR)/Nama.app/$(BUNDLE_EXECUTABLE_FOLDER_PATH)/Nama";
				TVOS_DEPLOYMENT_TARGET = 17.0;
			};
			name = Debug;
		};
		A1A1A1A1A1A1A1A1A1A1A216 /* Release */ = {
			isa = XCBuildConfiguration;
			buildSettings = {
				BUNDLE_LOADER = "$(TEST_HOST)";
				GENERATE_INFOPLIST_FILE = YES;
				PRODUCT_BUNDLE_IDENTIFIER = com.electather.nama.tests;
				PRODUCT_NAME = "$(TARGET_NAME)";
				SDKROOT = appletvos;
				SUPPORTED_PLATFORMS = "appletvos appletvsimulator";
				SWIFT_VERSION = 6.0;
				TARGETED_DEVICE_FAMILY = 3;
				TEST_HOST = "$(BUILT_PRODUCTS_DIR)/Nama.app/$(BUNDLE_EXECUTABLE_FOLDER_PATH)/Nama";
				TVOS_DEPLOYMENT_TARGET = 17.0;
			};
			name = Release;
		};
/* End XCBuildConfiguration section */

/* Begin XCConfigurationList section */
		A1A1A1A1A1A1A1A1A1A1A10B /* Build configuration list for PBXProject "Nama" */ = {
			isa = XCConfigurationList;
			buildConfigurations = (
				A1A1A1A1A1A1A1A1A1A1A10D /* Debug */,
				A1A1A1A1A1A1A1A1A1A1A10E /* Release */,
			);
			defaultConfigurationIsVisible = 0;
			defaultConfigurationName = Release;
		};
		A1A1A1A1A1A1A1A1A1A1A10C /* Build configuration list for PBXNativeTarget "Nama" */ = {
			isa = XCConfigurationList;
			buildConfigurations = (
				A1A1A1A1A1A1A1A1A1A1A10F /* Debug */,
				A1A1A1A1A1A1A1A1A1A1A120 /* Release */,
			);
			defaultConfigurationIsVisible = 0;
			defaultConfigurationName = Release;
		};
		A1A1A1A1A1A1A1A1A1A1A210 /* Build configuration list for PBXNativeTarget "NamaTests" */ = {
			isa = XCConfigurationList;
			buildConfigurations = (
				A1A1A1A1A1A1A1A1A1A1A215 /* Debug */,
				A1A1A1A1A1A1A1A1A1A1A216 /* Release */,
			);
			defaultConfigurationIsVisible = 0;
			defaultConfigurationName = Release;
		};
/* End XCConfigurationList section */

/* Begin XCLocalSwiftPackageReference section */
		A1A1A1A1A1A1A1A1A1A1A111 /* XCLocalSwiftPackageReference "../../gen/swift" */ = {
			isa = XCLocalSwiftPackageReference;
			relativePath = ../../gen/swift;
		};
/* End XCLocalSwiftPackageReference section */

/* Begin XCRemoteSwiftPackageReference section */
		A1A1A1A1A1A1A1A1A1A1A214 /* XCRemoteSwiftPackageReference "AetherEngine" */ = {
			isa = XCRemoteSwiftPackageReference;
			repositoryURL = "https://github.com/superuser404notfound/AetherEngine";
			requirement = {
				kind = exactVersion;
				version = 6.21.0;
			};
		};
/* End XCRemoteSwiftPackageReference section */

/* Begin XCSwiftPackageProductDependency section */
		A1A1A1A1A1A1A1A1A1A1A112 /* NamaAPI */ = {
			isa = XCSwiftPackageProductDependency;
			package = A1A1A1A1A1A1A1A1A1A1A111 /* XCLocalSwiftPackageReference "../../gen/swift" */;
			productName = NamaAPI;
		};
		A1A1A1A1A1A1A1A1A1A1A206 /* AetherEngine */ = {
			isa = XCSwiftPackageProductDependency;
			package = A1A1A1A1A1A1A1A1A1A1A214 /* XCRemoteSwiftPackageReference "AetherEngine" */;
			productName = AetherEngine;
		};
		A1A1A1A1A1A1A1A1A1A1A218 /* AetherEngine */ = {
			isa = XCSwiftPackageProductDependency;
			package = A1A1A1A1A1A1A1A1A1A1A214 /* XCRemoteSwiftPackageReference "AetherEngine" */;
			productName = AetherEngine;
		};
/* End XCSwiftPackageProductDependency section */
	};
	rootObject = A1A1A1A1A1A1A1A1A1A1A101 /* Project object */;
}
